// !$*UTF8*$!
{
	archiveVersion = 1;
	classes = {
	};
	objectVersion = 45;
	objects = {

/* Begin PBXBuildFile section */
		1D3623260D0F684500981E51 /* iRubyKaigiAppDelegate.m in Sources */ = {isa = PBXBuildFile; fileRef = 1D3623250D0F684500981E51 /* iRubyKaigiAppDelegate.m */; };
		1D60589B0D05DD56006BFB54 /* main.m in Sources */ = {isa = PBXBuildFile; fileRef = 29B97316FDCFA39411CA2CEA /* main.m */; };
		1D60589F0D05DD5A006BFB54 /* Foundation.framework in Frameworks */ = {isa = PBXBuildFile; fileRef = 1D30AB110D05D00D00671497 /* Foundation.framework */; };
		1DF5F4E00D08C38300B7A737 /* UIKit.framework in Frameworks */ = {isa = PBXBuildFile; fileRef = 1DF5F4DF0D08C38300B7A737 /* UIKit.framework */; };
		28860BE50F44EE6400985440 /* CoreData.framework in Frameworks */ = {isa = PBXBuildFile; fileRef = 28860BE40F44EE6400985440 /* CoreData.framework */; };
		2892E4100DC94CBA00A64D0F /* CoreGraphics.framework in Frameworks */ = {isa = PBXBuildFile; fileRef = 2892E40F0DC94CBA00A64D0F /* CoreGraphics.framework */; };
		28AD73600D9D9599002E5188 /* MainWindow.xib in Resources */ = {isa = PBXBuildFile; fileRef = 28AD735F0D9D9599002E5188 /* MainWindow.xib */; };
		4613666D1212E40E00801913 /* timetable_update.json in Resources */ = {isa = PBXBuildFile; fileRef = 4613666C1212E40E00801913 /* timetable_update.json */; };
		461367351213BC7900801913 /* iRubyKaigi.xcdatamodeld in Sources */ = {isa = PBXBuildFile; fileRef = 461366E01213B6BD00801913 /* iRubyKaigi.xcdatamodeld */; };
		4613682C1213CA4800801913 /* SpeakerDetaildTableViewController.m in Sources */ = {isa = PBXBuildFile; fileRef = 4613682B1213CA4800801913 /* SpeakerDetaildTableViewController.m */; };
		46178E8611F9D011000BFA1C /* NSErrorCoreDataExtension.m in Sources */ = {isa = PBXBuildFile; fileRef = 46178E4A11F9D011000BFA1C /* NSErrorCoreDataExtension.m */; };
		46178E8711F9D011000BFA1C /* NSFetchedResultsControllerSortedObject.m in Sources */ = {isa = PBXBuildFile; fileRef = 46178E4D11F9D011000BFA1C /* NSFetchedResultsControllerSortedObject.m */; };
		46178E8811F9D011000BFA1C /* ISFetchRequestCondition.m in Sources */ = {isa = PBXBuildFile; fileRef = 46178E5011F9D011000BFA1C /* ISFetchRequestCondition.m */; };
		46178E8911F9D011000BFA1C /* NSManagedObjectCallbacks.m in Sources */ = {isa = PBXBuildFile; fileRef = 46178E5211F9D011000BFA1C /* NSManagedObjectCallbacks.m */; };
		46178E8A11F9D011000BFA1C /* NSManagedObjectCreation.m in Sources */ = {isa = PBXBuildFile; fileRef = 46178E5411F9D011000BFA1C /* NSManagedObjectCreation.m */; };
		46178E8B11F9D011000BFA1C /* NSManagedObjectDisplay.m in Sources */ = {isa = PBXBuildFile; fileRef = 46178E5611F9D011000BFA1C /* NSManagedObjectDisplay.m */; };
		46178E8C11F9D011000BFA1C /* NSManagedObjectFetch.m in Sources */ = {isa = PBXBuildFile; fileRef = 46178E5811F9D011000BFA1C /* NSManagedObjectFetch.m */; };
		46178E8D11F9D011000BFA1C /* NSManagedObjectFind.m in Sources */ = {isa = PBXBuildFile; fileRef = 46178E5A11F9D011000BFA1C /* NSManagedObjectFind.m */; };
		46178E8E11F9D011000BFA1C /* NSManagedObjectList.m in Sources */ = {isa = PBXBuildFile; fileRef = 46178E5C11F9D011000BFA1C /* NSManagedObjectList.m */; };
		46178E8F11F9D011000BFA1C /* NSManagedObjectSerialize.m in Sources */ = {isa = PBXBuildFile; fileRef = 46178E5E11F9D011000BFA1C /* NSManagedObjectSerialize.m */; };
		46178E9011F9D011000BFA1C /* NSManagedObjectContextAop.m in Sources */ = {isa = PBXBuildFile; fileRef = 46178E6111F9D011000BFA1C /* NSManagedObjectContextAop.m */; };
		46178E9111F9D011000BFA1C /* NSManagedObjectContextCreation.m in Sources */ = {isa = PBXBuildFile; fileRef = 46178E6311F9D011000BFA1C /* NSManagedObjectContextCreation.m */; };
		46178E9211F9D011000BFA1C /* NSManagedObjectContextDefaultContext.m in Sources */ = {isa = PBXBuildFile; fileRef = 46178E6511F9D011000BFA1C /* NSManagedObjectContextDefaultContext.m */; };
		46178E9311F9D011000BFA1C /* NSSortDescriptorExtension.m in Sources */ = {isa = PBXBuildFile; fileRef = 46178E6711F9D011000BFA1C /* NSSortDescriptorExtension.m */; };
		46178E9411F9D011000BFA1C /* ISCDDetailedTableViewController.m in Sources */ = {isa = PBXBuildFile; fileRef = 46178E6A11F9D011000BFA1C /* ISCDDetailedTableViewController.m */; };
		46178E9511F9D011000BFA1C /* ISCDListTableViewController.m in Sources */ = {isa = PBXBuildFile; fileRef = 46178E6C11F9D011000BFA1C /* ISCDListTableViewController.m */; };
		46178E9611F9D011000BFA1C /* ISDateTimeInputViewController.m in Sources */ = {isa = PBXBuildFile; fileRef = 46178E6E11F9D011000BFA1C /* ISDateTimeInputViewController.m */; };
		46178E9711F9D011000BFA1C /* ISDateTimeInputViewController.xib in Resources */ = {isa = PBXBuildFile; fileRef = 46178E6F11F9D011000BFA1C /* ISDateTimeInputViewController.xib */; };
		46178E9811F9D011000BFA1C /* ISProperty.m in Sources */ = {isa = PBXBuildFile; fileRef = 46178E7211F9D011000BFA1C /* ISProperty.m */; };
		46178E9911F9D011000BFA1C /* ISSectionedArrayController.m in Sources */ = {isa = PBXBuildFile; fileRef = 46178E7411F9D011000BFA1C /* ISSectionedArrayController.m */; };
		46178E9A11F9D011000BFA1C /* NSDateExtension.m in Sources */ = {isa = PBXBuildFile; fileRef = 46178E7611F9D011000BFA1C /* NSDateExtension.m */; };
		46178E9B11F9D011000BFA1C /* NSErrorExtension.m in Sources */ = {isa = PBXBuildFile; fileRef = 46178E7811F9D011000BFA1C /* NSErrorExtension.m */; };
		46178E9C11F9D011000BFA1C /* NSNotificationCenterExtension.m in Sources */ = {isa = PBXBuildFile; fileRef = 46178E7A11F9D011000BFA1C /* NSNotificationCenterExtension.m */; };
		46178E9D11F9D011000BFA1C /* UIColorExtension.m in Sources */ = {isa = PBXBuildFile; fileRef = 46178E7C11F9D011000BFA1C /* UIColorExtension.m */; };
		46178E9E11F9D011000BFA1C /* cider.strings in Resources */ = {isa = PBXBuildFile; fileRef = 46178E7E11F9D011000BFA1C /* cider.strings */; };
		46178E9F11F9D011000BFA1C /* ISSelectionTableViewController.m in Sources */ = {isa = PBXBuildFile; fileRef = 46178E8311F9D011000BFA1C /* ISSelectionTableViewController.m */; };
		46178EA011F9D011000BFA1C /* ISTableViewCell.m in Sources */ = {isa = PBXBuildFile; fileRef = 46178E8511F9D011000BFA1C /* ISTableViewCell.m */; };
		46178F5611F9D4AB000BFA1C /* FindTableViewController.m in Sources */ = {isa = PBXBuildFile; fileRef = 46178F5511F9D4AB000BFA1C /* FindTableViewController.m */; };
		46178F8011FAD12A000BFA1C /* FindTableViewController.xib in Resources */ = {isa = PBXBuildFile; fileRef = 46178F7F11FAD12A000BFA1C /* FindTableViewController.xib */; };
		4617916611FB268E000BFA1C /* UIColorIRK.m in Sources */ = {isa = PBXBuildFile; fileRef = 4617916511FB268E000BFA1C /* UIColorIRK.m */; };
		461792F411FC0B85000BFA1C /* LightningTalkTableViewController.m in Sources */ = {isa = PBXBuildFile; fileRef = 461792F311FC0B85000BFA1C /* LightningTalkTableViewController.m */; };
		4617930F11FC0DE1000BFA1C /* LightningTalk.m in Sources */ = {isa = PBXBuildFile; fileRef = 461407F71004B9CB00964C01 /* LightningTalk.m */; };
		4620EA15120317F6008BB2BC /* timetable.json in Resources */ = {isa = PBXBuildFile; fileRef = 4620EA14120317F6008BB2BC /* timetable.json */; };
		4620EA18120318A5008BB2BC /* JsonImporter.m in Sources */ = {isa = PBXBuildFile; fileRef = 4620EA17120318A5008BB2BC /* JsonImporter.m */; };
		4620EA26120319AF008BB2BC /* NSObject+SBJSON.m in Sources */ = {isa = PBXBuildFile; fileRef = 4620EA1D120319AF008BB2BC /* NSObject+SBJSON.m */; };
		4620EA27120319AF008BB2BC /* NSString+SBJSON.m in Sources */ = {isa = PBXBuildFile; fileRef = 4620EA1F120319AF008BB2BC /* NSString+SBJSON.m */; };
		4620EA28120319AF008BB2BC /* SBJsonBase.m in Sources */ = {isa = PBXBuildFile; fileRef = 4620EA21120319AF008BB2BC /* SBJsonBase.m */; };
		4620EA29120319AF008BB2BC /* SBJsonParser.m in Sources */ = {isa = PBXBuildFile; fileRef = 4620EA23120319AF008BB2BC /* SBJsonParser.m */; };
		4620EA2A120319AF008BB2BC /* SBJsonWriter.m in Sources */ = {isa = PBXBuildFile; fileRef = 4620EA25120319AF008BB2BC /* SBJsonWriter.m */; };
		4621C44810070EB60052495F /* icon.png in Resources */ = {isa = PBXBuildFile; fileRef = 4621C44710070EB60052495F /* icon.png */; };
		4621C49E100718610052495F /* Default.png in Resources */ = {isa = PBXBuildFile; fileRef = 4621C49D100718610052495F /* Default.png */; };
		4621C51610072C4D0052495F /* iTunesArtwork in Resources */ = {isa = PBXBuildFile; fileRef = 4621C4A710071B770052495F /* iTunesArtwork */; };
		4628F9D711DD68F400EFB272 /* SessionBySpeakerTableViewController.m in Sources */ = {isa = PBXBuildFile; fileRef = 4628F9D611DD68F400EFB272 /* SessionBySpeakerTableViewController.m */; };
		4628FA3C11DD76EA00EFB272 /* SessionDetailedTableViewController.m in Sources */ = {isa = PBXBuildFile; fileRef = 4628FA3B11DD76EA00EFB272 /* SessionDetailedTableViewController.m */; };
		465600EF12150CF9003A3B3B /* Belonging.m in Sources */ = {isa = PBXBuildFile; fileRef = 465600EE12150CF9003A3B3B /* Belonging.m */; };
		465601E7121521B7003A3B3B /* V1To2.xcmappingmodel in Sources */ = {isa = PBXBuildFile; fileRef = 465601E6121521B7003A3B3B /* V1To2.xcmappingmodel */; };
		465BB4D211C9A25400770325 /* Room.m in Sources */ = {isa = PBXBuildFile; fileRef = 465BB4CF11C9A25400770325 /* Room.m */; };
		465BB4D311C9A25400770325 /* Speaker.m in Sources */ = {isa = PBXBuildFile; fileRef = 465BB4D111C9A25400770325 /* Speaker.m */; };
		465BB9D511CA573000770325 /* HistoryTableViewController.m in Sources */ = {isa = PBXBuildFile; fileRef = 465BB9D411CA573000770325 /* HistoryTableViewController.m */; };
		4663019E11DC7965008FEB6D /* session_by_speaker_icon_30x30.png in Resources */ = {isa = PBXBuildFile; fileRef = 4663019C11DC7965008FEB6D /* session_by_speaker_icon_30x30.png */; };
		4663019F11DC7965008FEB6D /* session_by_speaker_icon_30x30@2x.png in Resources */ = {isa = PBXBuildFile; fileRef = 4663019D11DC7965008FEB6D /* session_by_speaker_icon_30x30@2x.png */; };
		466301A211DC7B1B008FEB6D /* session_by_room_icon_30x30.png in Resources */ = {isa = PBXBuildFile; fileRef = 466301A011DC7B1B008FEB6D /* session_by_room_icon_30x30.png */; };
		466301A311DC7B1B008FEB6D /* session_by_room_icon_30x30@2x.png in Resources */ = {isa = PBXBuildFile; fileRef = 466301A111DC7B1B008FEB6D /* session_by_room_icon_30x30@2x.png */; };
		466301B511DC7CC7008FEB6D /* SpeakerTableViewController.m in Sources */ = {isa = PBXBuildFile; fileRef = 466301B411DC7CC7008FEB6D /* SpeakerTableViewController.m */; };
		466882C911E2E25300D344C7 /* SessionBySomethingTableViewController.m in Sources */ = {isa = PBXBuildFile; fileRef = 466882C811E2E25300D344C7 /* SessionBySomethingTableViewController.m */; };
		4668831B11E2E9BA00D344C7 /* SettingTableViewController.m in Sources */ = {isa = PBXBuildFile; fileRef = 4668831A11E2E9BA00D344C7 /* SettingTableViewController.m */; };
		4668832711E2EC6C00D344C7 /* setting_icon_30x30.png in Resources */ = {isa = PBXBuildFile; fileRef = 4668832611E2EC6C00D344C7 /* setting_icon_30x30.png */; };
		4668838711E2F76600D344C7 /* favorite_off_30x30.png in Resources */ = {isa = PBXBuildFile; fileRef = 4668838211E2F76600D344C7 /* favorite_off_30x30.png */; };
		4668838811E2F76600D344C7 /* favorite_off_30x30@2x.png in Resources */ = {isa = PBXBuildFile; fileRef = 4668838311E2F76600D344C7 /* favorite_off_30x30@2x.png */; };
		4668838911E2F76600D344C7 /* favorite_on_30x30.png in Resources */ = {isa = PBXBuildFile; fileRef = 4668838411E2F76600D344C7 /* favorite_on_30x30.png */; };
		4668838A11E2F76600D344C7 /* favorite_on_30x30@2x.png in Resources */ = {isa = PBXBuildFile; fileRef = 4668838511E2F76600D344C7 /* favorite_on_30x30@2x.png */; };
		4668838B11E2F76600D344C7 /* setting_icon_30x30@2x.png in Resources */ = {isa = PBXBuildFile; fileRef = 4668838611E2F76600D344C7 /* setting_icon_30x30@2x.png */; };
		466883F911E3174100D344C7 /* favorite_30x30.png in Resources */ = {isa = PBXBuildFile; fileRef = 466883F711E3174100D344C7 /* favorite_30x30.png */; };
		466883FA11E3174100D344C7 /* favorite_30x30@2x.png in Resources */ = {isa = PBXBuildFile; fileRef = 466883F811E3174100D344C7 /* favorite_30x30@2x.png */; };
		466883FD11E3177600D344C7 /* FavoriteSessionTableViewController.m in Sources */ = {isa = PBXBuildFile; fileRef = 466883FC11E3177600D344C7 /* FavoriteSessionTableViewController.m */; };
		4668845511E31E1300D344C7 /* RoomColorView.m in Sources */ = {isa = PBXBuildFile; fileRef = 4668845411E31E1300D344C7 /* RoomColorView.m */; };
		46824FCB11E1B6B500D73D84 /* RoomTableViewController.m in Sources */ = {isa = PBXBuildFile; fileRef = 46824FCA11E1B6B500D73D84 /* RoomTableViewController.m */; };
		4682504611E1BF3E00D73D84 /* SessionByRoomTableViewController.m in Sources */ = {isa = PBXBuildFile; fileRef = 4682504511E1BF3E00D73D84 /* SessionByRoomTableViewController.m */; };
		468A2A48100C5A4E00942FE4 /* Settings.bundle in Resources */ = {isa = PBXBuildFile; fileRef = 468A2A47100C5A4E00942FE4 /* Settings.bundle */; };
		469B8149120BC4FC007CDCF2 /* NSOperationQueueDefaultQueue.m in Sources */ = {isa = PBXBuildFile; fileRef = 469B8148120BC4FC007CDCF2 /* NSOperationQueueDefaultQueue.m */; };
		46A0B8331008194B006B355A /* Entitlements.plist in Resources */ = {isa = PBXBuildFile; fileRef = 46A0B8321008194B006B355A /* Entitlements.plist */; };
		46AF91F21217777A0094F232 /* WebViewController.m in Sources */ = {isa = PBXBuildFile; fileRef = 4641FD6B1207C25200317642 /* WebViewController.m */; };
		46B73BBC11AD355700D04842 /* Session.m in Sources */ = {isa = PBXBuildFile; fileRef = 46B73BB911AD355700D04842 /* Session.m */; };
		46B73BFA11ADD21A00D04842 /* Importer.m in Sources */ = {isa = PBXBuildFile; fileRef = 46B73BF911ADD21A00D04842 /* Importer.m */; };
		46BEE06D11E637990096B1B3 /* Default@2x.png in Resources */ = {isa = PBXBuildFile; fileRef = 46BEE06B11E637990096B1B3 /* Default@2x.png */; };
		46BEE06E11E637990096B1B3 /* icon@2x.png in Resources */ = {isa = PBXBuildFile; fileRef = 46BEE06C11E637990096B1B3 /* icon@2x.png */; };
		46C96CF711E40CEC00680067 /* RoomTableViewCell.m in Sources */ = {isa = PBXBuildFile; fileRef = 46C96CF611E40CEC00680067 /* RoomTableViewCell.m */; };
		46C96D3611E43CEE00680067 /* blank_30x30.png in Resources */ = {isa = PBXBuildFile; fileRef = 46C96D3411E43CEE00680067 /* blank_30x30.png */; };
		46C96D3711E43CEE00680067 /* blank_30x30@2x.png in Resources */ = {isa = PBXBuildFile; fileRef = 46C96D3511E43CEE00680067 /* blank_30x30@2x.png */; };
		46D160A911FFC157008FF7CD /* PresentSessionTableViewController.m in Sources */ = {isa = PBXBuildFile; fileRef = 46D160A811FFC157008FF7CD /* PresentSessionTableViewController.m */; };
		46D161C011FFFB2B008FF7CD /* IRKListTableViewController.m in Sources */ = {isa = PBXBuildFile; fileRef = 46D161BF11FFFB2B008FF7CD /* IRKListTableViewController.m */; };
		46D161C411FFFBA7008FF7CD /* IRKTableViewController.m in Sources */ = {isa = PBXBuildFile; fileRef = 46D161C311FFFBA7008FF7CD /* IRKTableViewController.m */; };
		46D161E211FFFC51008FF7CD /* IRKDetaildTableViewController.m in Sources */ = {isa = PBXBuildFile; fileRef = 46D161E111FFFC51008FF7CD /* IRKDetaildTableViewController.m */; };
		46D1622112000147008FF7CD /* LightningTalkTableViewCell.m in Sources */ = {isa = PBXBuildFile; fileRef = 46D1622012000147008FF7CD /* LightningTalkTableViewCell.m */; };
		46D1628112000810008FF7CD /* LightningTalkDetailedTableViewController.m in Sources */ = {isa = PBXBuildFile; fileRef = 461408371004BC4D00964C01 /* LightningTalkDetailedTableViewController.m */; };
		46D162A2120009CB008FF7CD /* AbstractSessionDetaildTableViewController.m in Sources */ = {isa = PBXBuildFile; fileRef = 46D162A1120009CB008FF7CD /* AbstractSessionDetaildTableViewController.m */; };
		46D163AB12002163008FF7CD /* SessionAndLightningTalkBySomethingTableViewController.m in Sources */ = {isa = PBXBuildFile; fileRef = 46D163AA12002163008FF7CD /* SessionAndLightningTalkBySomethingTableViewController.m */; };
		46D164FE1200336A008FF7CD /* find_30x30.png in Resources */ = {isa = PBXBuildFile; fileRef = 46D164FC1200336A008FF7CD /* find_30x30.png */; };
		46D164FF1200336A008FF7CD /* find_30x30@2x.png in Resources */ = {isa = PBXBuildFile; fileRef = 46D164FD1200336A008FF7CD /* find_30x30@2x.png */; };
		46D1653912007283008FF7CD /* lightning_talks_info_en.csv in Resources */ = {isa = PBXBuildFile; fileRef = 46D1653512007283008FF7CD /* lightning_talks_info_en.csv */; };
		46D1653A12007283008FF7CD /* lightning_talks_info_ja.csv in Resources */ = {isa = PBXBuildFile; fileRef = 46D1653612007283008FF7CD /* lightning_talks_info_ja.csv */; };
		46D1653B12007283008FF7CD /* session_info_en.csv in Resources */ = {isa = PBXBuildFile; fileRef = 46D1653712007283008FF7CD /* session_info_en.csv */; };
		46D1653C12007283008FF7CD /* session_info_ja.csv in Resources */ = {isa = PBXBuildFile; fileRef = 46D1653812007283008FF7CD /* session_info_ja.csv */; };
		46D4430711AEC09E0076E28B /* Day.m in Sources */ = {isa = PBXBuildFile; fileRef = 46D4430411AEC09E0076E28B /* Day.m */; };
		46D4430811AEC09E0076E28B /* Region.m in Sources */ = {isa = PBXBuildFile; fileRef = 46D4430611AEC09E0076E28B /* Region.m */; };
		46D4472811B133F40076E28B /* Property.m in Sources */ = {isa = PBXBuildFile; fileRef = 46D4472711B133F40076E28B /* Property.m */; };
		46D8286311DDEF3E00D1D0AE /* SessionTableViewCell.m in Sources */ = {isa = PBXBuildFile; fileRef = 46D8286211DDEF3E00D1D0AE /* SessionTableViewCell.m */; };
		46DDEDAC1218F8CC0046F022 /* SummaryViewController.m in Sources */ = {isa = PBXBuildFile; fileRef = 46DDEDAA1218F8CC0046F022 /* SummaryViewController.m */; };
		46DDEDAD1218F8CC0046F022 /* SummaryViewController.xib in Resources */ = {isa = PBXBuildFile; fileRef = 46DDEDAB1218F8CC0046F022 /* SummaryViewController.xib */; };
		46EE14500FFE53FA000224D0 /* Localizable.strings in Resources */ = {isa = PBXBuildFile; fileRef = 46EE144E0FFE53FA000224D0 /* Localizable.strings */; };
/* End PBXBuildFile section */

/* Begin PBXFileReference section */
		1D30AB110D05D00D00671497 /* Foundation.framework */ = {isa = PBXFileReference; lastKnownFileType = wrapper.framework; name = Foundation.framework; path = System/Library/Frameworks/Foundation.framework; sourceTree = SDKROOT; };
		1D3623240D0F684500981E51 /* iRubyKaigiAppDelegate.h */ = {isa = PBXFileReference; fileEncoding = 4; lastKnownFileType = sourcecode.c.h; path = iRubyKaigiAppDelegate.h; sourceTree = "<group>"; };
		1D3623250D0F684500981E51 /* iRubyKaigiAppDelegate.m */ = {isa = PBXFileReference; fileEncoding = 4; lastKnownFileType = sourcecode.c.objc; path = iRubyKaigiAppDelegate.m; sourceTree = "<group>"; };
		1D6058910D05DD3D006BFB54 /* iRubyKaigi2010.app */ = {isa = PBXFileReference; explicitFileType = wrapper.application; includeInIndex = 0; path = iRubyKaigi2010.app; sourceTree = BUILT_PRODUCTS_DIR; };
		1DF5F4DF0D08C38300B7A737 /* UIKit.framework */ = {isa = PBXFileReference; lastKnownFileType = wrapper.framework; name = UIKit.framework; path = System/Library/Frameworks/UIKit.framework; sourceTree = SDKROOT; };
		28860BE40F44EE6400985440 /* CoreData.framework */ = {isa = PBXFileReference; lastKnownFileType = wrapper.framework; name = CoreData.framework; path = System/Library/Frameworks/CoreData.framework; sourceTree = SDKROOT; };
		2892E40F0DC94CBA00A64D0F /* CoreGraphics.framework */ = {isa = PBXFileReference; lastKnownFileType = wrapper.framework; name = CoreGraphics.framework; path = System/Library/Frameworks/CoreGraphics.framework; sourceTree = SDKROOT; };
		28AD735F0D9D9599002E5188 /* MainWindow.xib */ = {isa = PBXFileReference; lastKnownFileType = file.xib; path = MainWindow.xib; sourceTree = "<group>"; };
		29B97316FDCFA39411CA2CEA /* main.m */ = {isa = PBXFileReference; fileEncoding = 4; lastKnownFileType = sourcecode.c.objc; path = main.m; sourceTree = "<group>"; };
		4613666C1212E40E00801913 /* timetable_update.json */ = {isa = PBXFileReference; fileEncoding = 4; lastKnownFileType = text; path = timetable_update.json; sourceTree = "<group>"; };
		461366E21213B6BD00801913 /* iRubyKaigi 2.xcdatamodel */ = {isa = PBXFileReference; lastKnownFileType = wrapper.xcdatamodel; path = "iRubyKaigi 2.xcdatamodel"; sourceTree = "<group>"; };
		4613682A1213CA4800801913 /* SpeakerDetaildTableViewController.h */ = {isa = PBXFileReference; fileEncoding = 4; lastKnownFileType = sourcecode.c.h; path = SpeakerDetaildTableViewController.h; sourceTree = "<group>"; };
		4613682B1213CA4800801913 /* SpeakerDetaildTableViewController.m */ = {isa = PBXFileReference; fileEncoding = 4; lastKnownFileType = sourcecode.c.objc; path = SpeakerDetaildTableViewController.m; sourceTree = "<group>"; };
		461407F61004B9CB00964C01 /* LightningTalk.h */ = {isa = PBXFileReference; fileEncoding = 4; lastKnownFileType = sourcecode.c.h; path = LightningTalk.h; sourceTree = "<group>"; };
		461407F71004B9CB00964C01 /* LightningTalk.m */ = {isa = PBXFileReference; fileEncoding = 4; lastKnownFileType = sourcecode.c.objc; path = LightningTalk.m; sourceTree = "<group>"; };
		461408361004BC4D00964C01 /* LightningTalkDetailedTableViewController.h */ = {isa = PBXFileReference; fileEncoding = 4; lastKnownFileType = sourcecode.c.h; path = LightningTalkDetailedTableViewController.h; sourceTree = "<group>"; };
		461408371004BC4D00964C01 /* LightningTalkDetailedTableViewController.m */ = {isa = PBXFileReference; fileEncoding = 4; lastKnownFileType = sourcecode.c.objc; path = LightningTalkDetailedTableViewController.m; sourceTree = "<group>"; };
		461409121004CB4900964C01 /* favorite_off.png */ = {isa = PBXFileReference; lastKnownFileType = image.png; path = favorite_off.png; sourceTree = "<group>"; };
		461409131004CB4900964C01 /* favorite_on_green.png */ = {isa = PBXFileReference; lastKnownFileType = image.png; path = favorite_on_green.png; sourceTree = "<group>"; };
		461409DB1004D97300964C01 /* favorite_on_red.png */ = {isa = PBXFileReference; lastKnownFileType = image.png; path = favorite_on_red.png; sourceTree = "<group>"; };
		461409E61004DA3500964C01 /* favorite_on_blue.png */ = {isa = PBXFileReference; lastKnownFileType = image.png; path = favorite_on_blue.png; sourceTree = "<group>"; };
		46178E4611F9D011000BFA1C /* Cider.h */ = {isa = PBXFileReference; fileEncoding = 4; lastKnownFileType = sourcecode.c.h; path = Cider.h; sourceTree = "<group>"; };
		46178E4711F9D011000BFA1C /* CiderCoreData.h */ = {isa = PBXFileReference; fileEncoding = 4; lastKnownFileType = sourcecode.c.h; path = CiderCoreData.h; sourceTree = "<group>"; };
		46178E4911F9D011000BFA1C /* NSErrorCoreDataExtension.h */ = {isa = PBXFileReference; fileEncoding = 4; lastKnownFileType = sourcecode.c.h; path = NSErrorCoreDataExtension.h; sourceTree = "<group>"; };
		46178E4A11F9D011000BFA1C /* NSErrorCoreDataExtension.m */ = {isa = PBXFileReference; fileEncoding = 4; lastKnownFileType = sourcecode.c.objc; path = NSErrorCoreDataExtension.m; sourceTree = "<group>"; };
		46178E4C11F9D011000BFA1C /* NSFetchedResultsControllerSortedObject.h */ = {isa = PBXFileReference; fileEncoding = 4; lastKnownFileType = sourcecode.c.h; path = NSFetchedResultsControllerSortedObject.h; sourceTree = "<group>"; };
		46178E4D11F9D011000BFA1C /* NSFetchedResultsControllerSortedObject.m */ = {isa = PBXFileReference; fileEncoding = 4; lastKnownFileType = sourcecode.c.objc; path = NSFetchedResultsControllerSortedObject.m; sourceTree = "<group>"; };
		46178E4F11F9D011000BFA1C /* ISFetchRequestCondition.h */ = {isa = PBXFileReference; fileEncoding = 4; lastKnownFileType = sourcecode.c.h; path = ISFetchRequestCondition.h; sourceTree = "<group>"; };
		46178E5011F9D011000BFA1C /* ISFetchRequestCondition.m */ = {isa = PBXFileReference; fileEncoding = 4; lastKnownFileType = sourcecode.c.objc; path = ISFetchRequestCondition.m; sourceTree = "<group>"; };
		46178E5111F9D011000BFA1C /* NSManagedObjectCallbacks.h */ = {isa = PBXFileReference; fileEncoding = 4; lastKnownFileType = sourcecode.c.h; path = NSManagedObjectCallbacks.h; sourceTree = "<group>"; };
		46178E5211F9D011000BFA1C /* NSManagedObjectCallbacks.m */ = {isa = PBXFileReference; fileEncoding = 4; lastKnownFileType = sourcecode.c.objc; path = NSManagedObjectCallbacks.m; sourceTree = "<group>"; };
		46178E5311F9D011000BFA1C /* NSManagedObjectCreation.h */ = {isa = PBXFileReference; fileEncoding = 4; lastKnownFileType = sourcecode.c.h; path = NSManagedObjectCreation.h; sourceTree = "<group>"; };
		46178E5411F9D011000BFA1C /* NSManagedObjectCreation.m */ = {isa = PBXFileReference; fileEncoding = 4; lastKnownFileType = sourcecode.c.objc; path = NSManagedObjectCreation.m; sourceTree = "<group>"; };
		46178E5511F9D011000BFA1C /* NSManagedObjectDisplay.h */ = {isa = PBXFileReference; fileEncoding = 4; lastKnownFileType = sourcecode.c.h; path = NSManagedObjectDisplay.h; sourceTree = "<group>"; };
		46178E5611F9D011000BFA1C /* NSManagedObjectDisplay.m */ = {isa = PBXFileReference; fileEncoding = 4; lastKnownFileType = sourcecode.c.objc; path = NSManagedObjectDisplay.m; sourceTree = "<group>"; };
		46178E5711F9D011000BFA1C /* NSManagedObjectFetch.h */ = {isa = PBXFileReference; fileEncoding = 4; lastKnownFileType = sourcecode.c.h; path = NSManagedObjectFetch.h; sourceTree = "<group>"; };
		46178E5811F9D011000BFA1C /* NSManagedObjectFetch.m */ = {isa = PBXFileReference; fileEncoding = 4; lastKnownFileType = sourcecode.c.objc; path = NSManagedObjectFetch.m; sourceTree = "<group>"; };
		46178E5911F9D011000BFA1C /* NSManagedObjectFind.h */ = {isa = PBXFileReference; fileEncoding = 4; lastKnownFileType = sourcecode.c.h; path = NSManagedObjectFind.h; sourceTree = "<group>"; };
		46178E5A11F9D011000BFA1C /* NSManagedObjectFind.m */ = {isa = PBXFileReference; fileEncoding = 4; lastKnownFileType = sourcecode.c.objc; path = NSManagedObjectFind.m; sourceTree = "<group>"; };
		46178E5B11F9D011000BFA1C /* NSManagedObjectList.h */ = {isa = PBXFileReference; fileEncoding = 4; lastKnownFileType = sourcecode.c.h; path = NSManagedObjectList.h; sourceTree = "<group>"; };
		46178E5C11F9D011000BFA1C /* NSManagedObjectList.m */ = {isa = PBXFileReference; fileEncoding = 4; lastKnownFileType = sourcecode.c.objc; path = NSManagedObjectList.m; sourceTree = "<group>"; };
		46178E5D11F9D011000BFA1C /* NSManagedObjectSerialize.h */ = {isa = PBXFileReference; fileEncoding = 4; lastKnownFileType = sourcecode.c.h; path = NSManagedObjectSerialize.h; sourceTree = "<group>"; };
		46178E5E11F9D011000BFA1C /* NSManagedObjectSerialize.m */ = {isa = PBXFileReference; fileEncoding = 4; lastKnownFileType = sourcecode.c.objc; path = NSManagedObjectSerialize.m; sourceTree = "<group>"; };
		46178E6011F9D011000BFA1C /* NSManagedObjectContextAop.h */ = {isa = PBXFileReference; fileEncoding = 4; lastKnownFileType = sourcecode.c.h; path = NSManagedObjectContextAop.h; sourceTree = "<group>"; };
		46178E6111F9D011000BFA1C /* NSManagedObjectContextAop.m */ = {isa = PBXFileReference; fileEncoding = 4; lastKnownFileType = sourcecode.c.objc; path = NSManagedObjectContextAop.m; sourceTree = "<group>"; };
		46178E6211F9D011000BFA1C /* NSManagedObjectContextCreation.h */ = {isa = PBXFileReference; fileEncoding = 4; lastKnownFileType = sourcecode.c.h; path = NSManagedObjectContextCreation.h; sourceTree = "<group>"; };
		46178E6311F9D011000BFA1C /* NSManagedObjectContextCreation.m */ = {isa = PBXFileReference; fileEncoding = 4; lastKnownFileType = sourcecode.c.objc; path = NSManagedObjectContextCreation.m; sourceTree = "<group>"; };
		46178E6411F9D011000BFA1C /* NSManagedObjectContextDefaultContext.h */ = {isa = PBXFileReference; fileEncoding = 4; lastKnownFileType = sourcecode.c.h; path = NSManagedObjectContextDefaultContext.h; sourceTree = "<group>"; };
		46178E6511F9D011000BFA1C /* NSManagedObjectContextDefaultContext.m */ = {isa = PBXFileReference; fileEncoding = 4; lastKnownFileType = sourcecode.c.objc; path = NSManagedObjectContextDefaultContext.m; sourceTree = "<group>"; };
		46178E6611F9D011000BFA1C /* NSSortDescriptorExtension.h */ = {isa = PBXFileReference; fileEncoding = 4; lastKnownFileType = sourcecode.c.h; path = NSSortDescriptorExtension.h; sourceTree = "<group>"; };
		46178E6711F9D011000BFA1C /* NSSortDescriptorExtension.m */ = {isa = PBXFileReference; fileEncoding = 4; lastKnownFileType = sourcecode.c.objc; path = NSSortDescriptorExtension.m; sourceTree = "<group>"; };
		46178E6911F9D011000BFA1C /* ISCDDetailedTableViewController.h */ = {isa = PBXFileReference; fileEncoding = 4; lastKnownFileType = sourcecode.c.h; path = ISCDDetailedTableViewController.h; sourceTree = "<group>"; };
		46178E6A11F9D011000BFA1C /* ISCDDetailedTableViewController.m */ = {isa = PBXFileReference; fileEncoding = 4; lastKnownFileType = sourcecode.c.objc; path = ISCDDetailedTableViewController.m; sourceTree = "<group>"; };
		46178E6B11F9D011000BFA1C /* ISCDListTableViewController.h */ = {isa = PBXFileReference; fileEncoding = 4; lastKnownFileType = sourcecode.c.h; path = ISCDListTableViewController.h; sourceTree = "<group>"; };
		46178E6C11F9D011000BFA1C /* ISCDListTableViewController.m */ = {isa = PBXFileReference; fileEncoding = 4; lastKnownFileType = sourcecode.c.objc; path = ISCDListTableViewController.m; sourceTree = "<group>"; };
		46178E6D11F9D011000BFA1C /* ISDateTimeInputViewController.h */ = {isa = PBXFileReference; fileEncoding = 4; lastKnownFileType = sourcecode.c.h; path = ISDateTimeInputViewController.h; sourceTree = "<group>"; };
		46178E6E11F9D011000BFA1C /* ISDateTimeInputViewController.m */ = {isa = PBXFileReference; fileEncoding = 4; lastKnownFileType = sourcecode.c.objc; path = ISDateTimeInputViewController.m; sourceTree = "<group>"; };
		46178E6F11F9D011000BFA1C /* ISDateTimeInputViewController.xib */ = {isa = PBXFileReference; lastKnownFileType = file.xib; path = ISDateTimeInputViewController.xib; sourceTree = "<group>"; };
		46178E7111F9D011000BFA1C /* ISProperty.h */ = {isa = PBXFileReference; fileEncoding = 4; lastKnownFileType = sourcecode.c.h; path = ISProperty.h; sourceTree = "<group>"; };
		46178E7211F9D011000BFA1C /* ISProperty.m */ = {isa = PBXFileReference; fileEncoding = 4; lastKnownFileType = sourcecode.c.objc; path = ISProperty.m; sourceTree = "<group>"; };
		46178E7311F9D011000BFA1C /* ISSectionedArrayController.h */ = {isa = PBXFileReference; fileEncoding = 4; lastKnownFileType = sourcecode.c.h; path = ISSectionedArrayController.h; sourceTree = "<group>"; };
		46178E7411F9D011000BFA1C /* ISSectionedArrayController.m */ = {isa = PBXFileReference; fileEncoding = 4; lastKnownFileType = sourcecode.c.objc; path = ISSectionedArrayController.m; sourceTree = "<group>"; };
		46178E7511F9D011000BFA1C /* NSDateExtension.h */ = {isa = PBXFileReference; fileEncoding = 4; lastKnownFileType = sourcecode.c.h; path = NSDateExtension.h; sourceTree = "<group>"; };
		46178E7611F9D011000BFA1C /* NSDateExtension.m */ = {isa = PBXFileReference; fileEncoding = 4; lastKnownFileType = sourcecode.c.objc; path = NSDateExtension.m; sourceTree = "<group>"; };
		46178E7711F9D011000BFA1C /* NSErrorExtension.h */ = {isa = PBXFileReference; fileEncoding = 4; lastKnownFileType = sourcecode.c.h; path = NSErrorExtension.h; sourceTree = "<group>"; };
		46178E7811F9D011000BFA1C /* NSErrorExtension.m */ = {isa = PBXFileReference; fileEncoding = 4; lastKnownFileType = sourcecode.c.objc; path = NSErrorExtension.m; sourceTree = "<group>"; };
		46178E7911F9D011000BFA1C /* NSNotificationCenterExtension.h */ = {isa = PBXFileReference; fileEncoding = 4; lastKnownFileType = sourcecode.c.h; path = NSNotificationCenterExtension.h; sourceTree = "<group>"; };
		46178E7A11F9D011000BFA1C /* NSNotificationCenterExtension.m */ = {isa = PBXFileReference; fileEncoding = 4; lastKnownFileType = sourcecode.c.objc; path = NSNotificationCenterExtension.m; sourceTree = "<group>"; };
		46178E7B11F9D011000BFA1C /* UIColorExtension.h */ = {isa = PBXFileReference; fileEncoding = 4; lastKnownFileType = sourcecode.c.h; path = UIColorExtension.h; sourceTree = "<group>"; };
		46178E7C11F9D011000BFA1C /* UIColorExtension.m */ = {isa = PBXFileReference; fileEncoding = 4; lastKnownFileType = sourcecode.c.objc; path = UIColorExtension.m; sourceTree = "<group>"; };
		46178E7F11F9D011000BFA1C /* English */ = {isa = PBXFileReference; fileEncoding = 4; lastKnownFileType = text.plist.strings; name = English; path = English.lproj/cider.strings; sourceTree = "<group>"; };
		46178E8011F9D011000BFA1C /* Japanese */ = {isa = PBXFileReference; fileEncoding = 4; lastKnownFileType = text.plist.strings; name = Japanese; path = Japanese.lproj/cider.strings; sourceTree = "<group>"; };
		46178E8211F9D011000BFA1C /* ISSelectionTableViewController.h */ = {isa = PBXFileReference; fileEncoding = 4; lastKnownFileType = sourcecode.c.h; path = ISSelectionTableViewController.h; sourceTree = "<group>"; };
		46178E8311F9D011000BFA1C /* ISSelectionTableViewController.m */ = {isa = PBXFileReference; fileEncoding = 4; lastKnownFileType = sourcecode.c.objc; path = ISSelectionTableViewController.m; sourceTree = "<group>"; };
		46178E8411F9D011000BFA1C /* ISTableViewCell.h */ = {isa = PBXFileReference; fileEncoding = 4; lastKnownFileType = sourcecode.c.h; path = ISTableViewCell.h; sourceTree = "<group>"; };
		46178E8511F9D011000BFA1C /* ISTableViewCell.m */ = {isa = PBXFileReference; fileEncoding = 4; lastKnownFileType = sourcecode.c.objc; path = ISTableViewCell.m; sourceTree = "<group>"; };
		46178F5411F9D4AB000BFA1C /* FindTableViewController.h */ = {isa = PBXFileReference; fileEncoding = 4; lastKnownFileType = sourcecode.c.h; path = FindTableViewController.h; sourceTree = "<group>"; };
		46178F5511F9D4AB000BFA1C /* FindTableViewController.m */ = {isa = PBXFileReference; fileEncoding = 4; lastKnownFileType = sourcecode.c.objc; path = FindTableViewController.m; sourceTree = "<group>"; };
		46178F7F11FAD12A000BFA1C /* FindTableViewController.xib */ = {isa = PBXFileReference; lastKnownFileType = file.xib; path = FindTableViewController.xib; sourceTree = "<group>"; };
		4617916411FB268E000BFA1C /* UIColorIRK.h */ = {isa = PBXFileReference; fileEncoding = 4; lastKnownFileType = sourcecode.c.h; path = UIColorIRK.h; sourceTree = "<group>"; };
		4617916511FB268E000BFA1C /* UIColorIRK.m */ = {isa = PBXFileReference; fileEncoding = 4; lastKnownFileType = sourcecode.c.objc; path = UIColorIRK.m; sourceTree = "<group>"; };
		461792F211FC0B85000BFA1C /* LightningTalkTableViewController.h */ = {isa = PBXFileReference; fileEncoding = 4; lastKnownFileType = sourcecode.c.h; path = LightningTalkTableViewController.h; sourceTree = "<group>"; };
		461792F311FC0B85000BFA1C /* LightningTalkTableViewController.m */ = {isa = PBXFileReference; fileEncoding = 4; lastKnownFileType = sourcecode.c.objc; path = LightningTalkTableViewController.m; sourceTree = "<group>"; };
		4620EA14120317F6008BB2BC /* timetable.json */ = {isa = PBXFileReference; fileEncoding = 4; lastKnownFileType = text; path = timetable.json; sourceTree = "<group>"; };
		4620EA16120318A5008BB2BC /* JsonImporter.h */ = {isa = PBXFileReference; fileEncoding = 4; lastKnownFileType = sourcecode.c.h; path = JsonImporter.h; sourceTree = "<group>"; };
		4620EA17120318A5008BB2BC /* JsonImporter.m */ = {isa = PBXFileReference; fileEncoding = 4; lastKnownFileType = sourcecode.c.objc; path = JsonImporter.m; sourceTree = "<group>"; };
		4620EA1B120319AF008BB2BC /* JSON.h */ = {isa = PBXFileReference; fileEncoding = 4; lastKnownFileType = sourcecode.c.h; path = JSON.h; sourceTree = "<group>"; };
		4620EA1C120319AF008BB2BC /* NSObject+SBJSON.h */ = {isa = PBXFileReference; fileEncoding = 4; lastKnownFileType = sourcecode.c.h; path = "NSObject+SBJSON.h"; sourceTree = "<group>"; };
		4620EA1D120319AF008BB2BC /* NSObject+SBJSON.m */ = {isa = PBXFileReference; fileEncoding = 4; lastKnownFileType = sourcecode.c.objc; path = "NSObject+SBJSON.m"; sourceTree = "<group>"; };
		4620EA1E120319AF008BB2BC /* NSString+SBJSON.h */ = {isa = PBXFileReference; fileEncoding = 4; lastKnownFileType = sourcecode.c.h; path = "NSString+SBJSON.h"; sourceTree = "<group>"; };
		4620EA1F120319AF008BB2BC /* NSString+SBJSON.m */ = {isa = PBXFileReference; fileEncoding = 4; lastKnownFileType = sourcecode.c.objc; path = "NSString+SBJSON.m"; sourceTree = "<group>"; };
		4620EA20120319AF008BB2BC /* SBJsonBase.h */ = {isa = PBXFileReference; fileEncoding = 4; lastKnownFileType = sourcecode.c.h; path = SBJsonBase.h; sourceTree = "<group>"; };
		4620EA21120319AF008BB2BC /* SBJsonBase.m */ = {isa = PBXFileReference; fileEncoding = 4; lastKnownFileType = sourcecode.c.objc; path = SBJsonBase.m; sourceTree = "<group>"; };
		4620EA22120319AF008BB2BC /* SBJsonParser.h */ = {isa = PBXFileReference; fileEncoding = 4; lastKnownFileType = sourcecode.c.h; path = SBJsonParser.h; sourceTree = "<group>"; };
		4620EA23120319AF008BB2BC /* SBJsonParser.m */ = {isa = PBXFileReference; fileEncoding = 4; lastKnownFileType = sourcecode.c.objc; path = SBJsonParser.m; sourceTree = "<group>"; };
		4620EA24120319AF008BB2BC /* SBJsonWriter.h */ = {isa = PBXFileReference; fileEncoding = 4; lastKnownFileType = sourcecode.c.h; path = SBJsonWriter.h; sourceTree = "<group>"; };
		4620EA25120319AF008BB2BC /* SBJsonWriter.m */ = {isa = PBXFileReference; fileEncoding = 4; lastKnownFileType = sourcecode.c.objc; path = SBJsonWriter.m; sourceTree = "<group>"; };
		46218A8711DBA47E00CBBADF /* session_by_date_icon_30x30@2x.png */ = {isa = PBXFileReference; lastKnownFileType = image.png; path = "session_by_date_icon_30x30@2x.png"; sourceTree = "<group>"; };
		46218A8811DBA47E00CBBADF /* session_by_date_icon_30x30.png */ = {isa = PBXFileReference; lastKnownFileType = image.png; path = session_by_date_icon_30x30.png; sourceTree = "<group>"; };
		4621C44710070EB60052495F /* icon.png */ = {isa = PBXFileReference; lastKnownFileType = image.png; path = icon.png; sourceTree = "<group>"; };
		4621C49D100718610052495F /* Default.png */ = {isa = PBXFileReference; lastKnownFileType = image.png; path = Default.png; sourceTree = "<group>"; };
		4621C4A710071B770052495F /* iTunesArtwork */ = {isa = PBXFileReference; lastKnownFileType = file; path = iTunesArtwork; sourceTree = "<group>"; };
		4628F9D511DD68F400EFB272 /* SessionBySpeakerTableViewController.h */ = {isa = PBXFileReference; fileEncoding = 4; lastKnownFileType = sourcecode.c.h; path = SessionBySpeakerTableViewController.h; sourceTree = "<group>"; };
		4628F9D611DD68F400EFB272 /* SessionBySpeakerTableViewController.m */ = {isa = PBXFileReference; fileEncoding = 4; lastKnownFileType = sourcecode.c.objc; path = SessionBySpeakerTableViewController.m; sourceTree = "<group>"; };
		4628FA3A11DD76EA00EFB272 /* SessionDetailedTableViewController.h */ = {isa = PBXFileReference; fileEncoding = 4; lastKnownFileType = sourcecode.c.h; path = SessionDetailedTableViewController.h; sourceTree = "<group>"; };
		4628FA3B11DD76EA00EFB272 /* SessionDetailedTableViewController.m */ = {isa = PBXFileReference; fileEncoding = 4; lastKnownFileType = sourcecode.c.objc; path = SessionDetailedTableViewController.m; sourceTree = "<group>"; };
		463AC8461001CEFF00AF2B05 /* IUTLog.h */ = {isa = PBXFileReference; fileEncoding = 4; lastKnownFileType = sourcecode.c.h; name = IUTLog.h; path = ../Test/Classes/UnitTest/IUTLog.h; sourceTree = SOURCE_ROOT; };
		4641FD6A1207C25200317642 /* WebViewController.h */ = {isa = PBXFileReference; fileEncoding = 4; lastKnownFileType = sourcecode.c.h; path = WebViewController.h; sourceTree = "<group>"; };
		4641FD6B1207C25200317642 /* WebViewController.m */ = {isa = PBXFileReference; fileEncoding = 4; lastKnownFileType = sourcecode.c.objc; path = WebViewController.m; sourceTree = "<group>"; };
		465600ED12150CF9003A3B3B /* Belonging.h */ = {isa = PBXFileReference; fileEncoding = 4; lastKnownFileType = sourcecode.c.h; path = Belonging.h; sourceTree = "<group>"; };
		465600EE12150CF9003A3B3B /* Belonging.m */ = {isa = PBXFileReference; fileEncoding = 4; lastKnownFileType = sourcecode.c.objc; path = Belonging.m; sourceTree = "<group>"; };
		465601E6121521B7003A3B3B /* V1To2.xcmappingmodel */ = {isa = PBXFileReference; fileEncoding = 4; lastKnownFileType = wrapper.xcmappingmodel; path = V1To2.xcmappingmodel; sourceTree = "<group>"; };
		465BB4CE11C9A25400770325 /* Room.h */ = {isa = PBXFileReference; fileEncoding = 4; lastKnownFileType = sourcecode.c.h; path = Room.h; sourceTree = "<group>"; };
		465BB4CF11C9A25400770325 /* Room.m */ = {isa = PBXFileReference; fileEncoding = 4; lastKnownFileType = sourcecode.c.objc; path = Room.m; sourceTree = "<group>"; };
		465BB4D011C9A25400770325 /* Speaker.h */ = {isa = PBXFileReference; fileEncoding = 4; lastKnownFileType = sourcecode.c.h; path = Speaker.h; sourceTree = "<group>"; };
		465BB4D111C9A25400770325 /* Speaker.m */ = {isa = PBXFileReference; fileEncoding = 4; lastKnownFileType = sourcecode.c.objc; path = Speaker.m; sourceTree = "<group>"; };
		465BB9D311CA573000770325 /* HistoryTableViewController.h */ = {isa = PBXFileReference; fileEncoding = 4; lastKnownFileType = sourcecode.c.h; path = HistoryTableViewController.h; sourceTree = "<group>"; };
		465BB9D411CA573000770325 /* HistoryTableViewController.m */ = {isa = PBXFileReference; fileEncoding = 4; lastKnownFileType = sourcecode.c.objc; path = HistoryTableViewController.m; sourceTree = "<group>"; };
		4663019C11DC7965008FEB6D /* session_by_speaker_icon_30x30.png */ = {isa = PBXFileReference; lastKnownFileType = image.png; path = session_by_speaker_icon_30x30.png; sourceTree = "<group>"; };
		4663019D11DC7965008FEB6D /* session_by_speaker_icon_30x30@2x.png */ = {isa = PBXFileReference; lastKnownFileType = image.png; path = "session_by_speaker_icon_30x30@2x.png"; sourceTree = "<group>"; };
		466301A011DC7B1B008FEB6D /* session_by_room_icon_30x30.png */ = {isa = PBXFileReference; lastKnownFileType = image.png; path = session_by_room_icon_30x30.png; sourceTree = "<group>"; };
		466301A111DC7B1B008FEB6D /* session_by_room_icon_30x30@2x.png */ = {isa = PBXFileReference; lastKnownFileType = image.png; path = "session_by_room_icon_30x30@2x.png"; sourceTree = "<group>"; };
		466301B311DC7CC7008FEB6D /* SpeakerTableViewController.h */ = {isa = PBXFileReference; fileEncoding = 4; lastKnownFileType = sourcecode.c.h; path = SpeakerTableViewController.h; sourceTree = "<group>"; };
		466301B411DC7CC7008FEB6D /* SpeakerTableViewController.m */ = {isa = PBXFileReference; fileEncoding = 4; lastKnownFileType = sourcecode.c.objc; path = SpeakerTableViewController.m; sourceTree = "<group>"; };
		466882C711E2E25300D344C7 /* SessionBySomethingTableViewController.h */ = {isa = PBXFileReference; fileEncoding = 4; lastKnownFileType = sourcecode.c.h; path = SessionBySomethingTableViewController.h; sourceTree = "<group>"; };
		466882C811E2E25300D344C7 /* SessionBySomethingTableViewController.m */ = {isa = PBXFileReference; fileEncoding = 4; lastKnownFileType = sourcecode.c.objc; path = SessionBySomethingTableViewController.m; sourceTree = "<group>"; };
		4668831911E2E9BA00D344C7 /* SettingTableViewController.h */ = {isa = PBXFileReference; fileEncoding = 4; lastKnownFileType = sourcecode.c.h; path = SettingTableViewController.h; sourceTree = "<group>"; };
		4668831A11E2E9BA00D344C7 /* SettingTableViewController.m */ = {isa = PBXFileReference; fileEncoding = 4; lastKnownFileType = sourcecode.c.objc; path = SettingTableViewController.m; sourceTree = "<group>"; };
		4668832611E2EC6C00D344C7 /* setting_icon_30x30.png */ = {isa = PBXFileReference; lastKnownFileType = image.png; path = setting_icon_30x30.png; sourceTree = "<group>"; };
		4668838211E2F76600D344C7 /* favorite_off_30x30.png */ = {isa = PBXFileReference; lastKnownFileType = image.png; path = favorite_off_30x30.png; sourceTree = "<group>"; };
		4668838311E2F76600D344C7 /* favorite_off_30x30@2x.png */ = {isa = PBXFileReference; lastKnownFileType = image.png; path = "favorite_off_30x30@2x.png"; sourceTree = "<group>"; };
		4668838411E2F76600D344C7 /* favorite_on_30x30.png */ = {isa = PBXFileReference; lastKnownFileType = image.png; path = favorite_on_30x30.png; sourceTree = "<group>"; };
		4668838511E2F76600D344C7 /* favorite_on_30x30@2x.png */ = {isa = PBXFileReference; lastKnownFileType = image.png; path = "favorite_on_30x30@2x.png"; sourceTree = "<group>"; };
		4668838611E2F76600D344C7 /* setting_icon_30x30@2x.png */ = {isa = PBXFileReference; lastKnownFileType = image.png; path = "setting_icon_30x30@2x.png"; sourceTree = "<group>"; };
		466883F711E3174100D344C7 /* favorite_30x30.png */ = {isa = PBXFileReference; lastKnownFileType = image.png; path = favorite_30x30.png; sourceTree = "<group>"; };
		466883F811E3174100D344C7 /* favorite_30x30@2x.png */ = {isa = PBXFileReference; lastKnownFileType = image.png; path = "favorite_30x30@2x.png"; sourceTree = "<group>"; };
		466883FB11E3177600D344C7 /* FavoriteSessionTableViewController.h */ = {isa = PBXFileReference; fileEncoding = 4; lastKnownFileType = sourcecode.c.h; path = FavoriteSessionTableViewController.h; sourceTree = "<group>"; };
		466883FC11E3177600D344C7 /* FavoriteSessionTableViewController.m */ = {isa = PBXFileReference; fileEncoding = 4; lastKnownFileType = sourcecode.c.objc; path = FavoriteSessionTableViewController.m; sourceTree = "<group>"; };
		4668845311E31E1300D344C7 /* RoomColorView.h */ = {isa = PBXFileReference; fileEncoding = 4; lastKnownFileType = sourcecode.c.h; path = RoomColorView.h; sourceTree = "<group>"; };
		4668845411E31E1300D344C7 /* RoomColorView.m */ = {isa = PBXFileReference; fileEncoding = 4; lastKnownFileType = sourcecode.c.objc; path = RoomColorView.m; sourceTree = "<group>"; };
		46824FC911E1B6B500D73D84 /* RoomTableViewController.h */ = {isa = PBXFileReference; fileEncoding = 4; lastKnownFileType = sourcecode.c.h; path = RoomTableViewController.h; sourceTree = "<group>"; };
		46824FCA11E1B6B500D73D84 /* RoomTableViewController.m */ = {isa = PBXFileReference; fileEncoding = 4; lastKnownFileType = sourcecode.c.objc; path = RoomTableViewController.m; sourceTree = "<group>"; };
		4682504411E1BF3E00D73D84 /* SessionByRoomTableViewController.h */ = {isa = PBXFileReference; fileEncoding = 4; lastKnownFileType = sourcecode.c.h; path = SessionByRoomTableViewController.h; sourceTree = "<group>"; };
		4682504511E1BF3E00D73D84 /* SessionByRoomTableViewController.m */ = {isa = PBXFileReference; fileEncoding = 4; lastKnownFileType = sourcecode.c.objc; path = SessionByRoomTableViewController.m; sourceTree = "<group>"; };
		468A2A47100C5A4E00942FE4 /* Settings.bundle */ = {isa = PBXFileReference; lastKnownFileType = "wrapper.plug-in"; path = Settings.bundle; sourceTree = "<group>"; };
		4692CB4D11ACE36E0098ADE1 /* iRubyKaigi.xcdatamodel */ = {isa = PBXFileReference; fileEncoding = 4; lastKnownFileType = wrapper.xcdatamodel; path = iRubyKaigi.xcdatamodel; sourceTree = "<group>"; };
		4692CB4F11ACE3950098ADE1 /* iRubyKaigi_Prefix.pch */ = {isa = PBXFileReference; fileEncoding = 4; lastKnownFileType = sourcecode.c.h; path = iRubyKaigi_Prefix.pch; sourceTree = "<group>"; };
		469B8147120BC4FC007CDCF2 /* NSOperationQueueDefaultQueue.h */ = {isa = PBXFileReference; fileEncoding = 4; lastKnownFileType = sourcecode.c.h; path = NSOperationQueueDefaultQueue.h; sourceTree = "<group>"; };
		469B8148120BC4FC007CDCF2 /* NSOperationQueueDefaultQueue.m */ = {isa = PBXFileReference; fileEncoding = 4; lastKnownFileType = sourcecode.c.objc; path = NSOperationQueueDefaultQueue.m; sourceTree = "<group>"; };
		46A0B8321008194B006B355A /* Entitlements.plist */ = {isa = PBXFileReference; fileEncoding = 4; lastKnownFileType = text.plist.xml; path = Entitlements.plist; sourceTree = "<group>"; };
		46B73BB811AD355700D04842 /* Session.h */ = {isa = PBXFileReference; fileEncoding = 4; lastKnownFileType = sourcecode.c.h; path = Session.h; sourceTree = "<group>"; };
		46B73BB911AD355700D04842 /* Session.m */ = {isa = PBXFileReference; fileEncoding = 4; lastKnownFileType = sourcecode.c.objc; path = Session.m; sourceTree = "<group>"; };
		46B73BF811ADD21A00D04842 /* Importer.h */ = {isa = PBXFileReference; fileEncoding = 4; lastKnownFileType = sourcecode.c.h; path = Importer.h; sourceTree = "<group>"; };
		46B73BF911ADD21A00D04842 /* Importer.m */ = {isa = PBXFileReference; fileEncoding = 4; lastKnownFileType = sourcecode.c.objc; path = Importer.m; sourceTree = "<group>"; };
		46B73BFC11ADD31400D04842 /* TestDataImporter.h */ = {isa = PBXFileReference; fileEncoding = 4; lastKnownFileType = sourcecode.c.h; path = TestDataImporter.h; sourceTree = "<group>"; };
		46B73BFD11ADD31400D04842 /* TestDataImporter.m */ = {isa = PBXFileReference; fileEncoding = 4; lastKnownFileType = sourcecode.c.objc; path = TestDataImporter.m; sourceTree = "<group>"; };
		46BEE06B11E637990096B1B3 /* Default@2x.png */ = {isa = PBXFileReference; lastKnownFileType = image.png; path = "Default@2x.png"; sourceTree = "<group>"; };
		46BEE06C11E637990096B1B3 /* icon@2x.png */ = {isa = PBXFileReference; lastKnownFileType = image.png; path = "icon@2x.png"; sourceTree = "<group>"; };
		46C96CF511E40CEC00680067 /* RoomTableViewCell.h */ = {isa = PBXFileReference; fileEncoding = 4; lastKnownFileType = sourcecode.c.h; path = RoomTableViewCell.h; sourceTree = "<group>"; };
		46C96CF611E40CEC00680067 /* RoomTableViewCell.m */ = {isa = PBXFileReference; fileEncoding = 4; lastKnownFileType = sourcecode.c.objc; path = RoomTableViewCell.m; sourceTree = "<group>"; };
		46C96D3411E43CEE00680067 /* blank_30x30.png */ = {isa = PBXFileReference; lastKnownFileType = image.png; path = blank_30x30.png; sourceTree = "<group>"; };
		46C96D3511E43CEE00680067 /* blank_30x30@2x.png */ = {isa = PBXFileReference; lastKnownFileType = image.png; path = "blank_30x30@2x.png"; sourceTree = "<group>"; };
		46D160A711FFC157008FF7CD /* PresentSessionTableViewController.h */ = {isa = PBXFileReference; fileEncoding = 4; lastKnownFileType = sourcecode.c.h; path = PresentSessionTableViewController.h; sourceTree = "<group>"; };
		46D160A811FFC157008FF7CD /* PresentSessionTableViewController.m */ = {isa = PBXFileReference; fileEncoding = 4; lastKnownFileType = sourcecode.c.objc; path = PresentSessionTableViewController.m; sourceTree = "<group>"; };
		46D161BE11FFFB2B008FF7CD /* IRKListTableViewController.h */ = {isa = PBXFileReference; fileEncoding = 4; lastKnownFileType = sourcecode.c.h; path = IRKListTableViewController.h; sourceTree = "<group>"; };
		46D161BF11FFFB2B008FF7CD /* IRKListTableViewController.m */ = {isa = PBXFileReference; fileEncoding = 4; lastKnownFileType = sourcecode.c.objc; path = IRKListTableViewController.m; sourceTree = "<group>"; };
		46D161C211FFFBA7008FF7CD /* IRKTableViewController.h */ = {isa = PBXFileReference; fileEncoding = 4; lastKnownFileType = sourcecode.c.h; path = IRKTableViewController.h; sourceTree = "<group>"; };
		46D161C311FFFBA7008FF7CD /* IRKTableViewController.m */ = {isa = PBXFileReference; fileEncoding = 4; lastKnownFileType = sourcecode.c.objc; path = IRKTableViewController.m; sourceTree = "<group>"; };
		46D161E011FFFC51008FF7CD /* IRKDetaildTableViewController.h */ = {isa = PBXFileReference; fileEncoding = 4; lastKnownFileType = sourcecode.c.h; path = IRKDetaildTableViewController.h; sourceTree = "<group>"; };
		46D161E111FFFC51008FF7CD /* IRKDetaildTableViewController.m */ = {isa = PBXFileReference; fileEncoding = 4; lastKnownFileType = sourcecode.c.objc; path = IRKDetaildTableViewController.m; sourceTree = "<group>"; };
		46D1621F12000147008FF7CD /* LightningTalkTableViewCell.h */ = {isa = PBXFileReference; fileEncoding = 4; lastKnownFileType = sourcecode.c.h; path = LightningTalkTableViewCell.h; sourceTree = "<group>"; };
		46D1622012000147008FF7CD /* LightningTalkTableViewCell.m */ = {isa = PBXFileReference; fileEncoding = 4; lastKnownFileType = sourcecode.c.objc; path = LightningTalkTableViewCell.m; sourceTree = "<group>"; };
		46D162A0120009CB008FF7CD /* AbstractSessionDetaildTableViewController.h */ = {isa = PBXFileReference; fileEncoding = 4; lastKnownFileType = sourcecode.c.h; path = AbstractSessionDetaildTableViewController.h; sourceTree = "<group>"; };
		46D162A1120009CB008FF7CD /* AbstractSessionDetaildTableViewController.m */ = {isa = PBXFileReference; fileEncoding = 4; lastKnownFileType = sourcecode.c.objc; path = AbstractSessionDetaildTableViewController.m; sourceTree = "<group>"; };
		46D163A912002163008FF7CD /* SessionAndLightningTalkBySomethingTableViewController.h */ = {isa = PBXFileReference; fileEncoding = 4; lastKnownFileType = sourcecode.c.h; path = SessionAndLightningTalkBySomethingTableViewController.h; sourceTree = "<group>"; };
		46D163AA12002163008FF7CD /* SessionAndLightningTalkBySomethingTableViewController.m */ = {isa = PBXFileReference; fileEncoding = 4; lastKnownFileType = sourcecode.c.objc; path = SessionAndLightningTalkBySomethingTableViewController.m; sourceTree = "<group>"; };
		46D164FC1200336A008FF7CD /* find_30x30.png */ = {isa = PBXFileReference; lastKnownFileType = image.png; path = find_30x30.png; sourceTree = "<group>"; };
		46D164FD1200336A008FF7CD /* find_30x30@2x.png */ = {isa = PBXFileReference; lastKnownFileType = image.png; path = "find_30x30@2x.png"; sourceTree = "<group>"; };
		46D1653512007283008FF7CD /* lightning_talks_info_en.csv */ = {isa = PBXFileReference; fileEncoding = 4; lastKnownFileType = text; path = lightning_talks_info_en.csv; sourceTree = "<group>"; };
		46D1653612007283008FF7CD /* lightning_talks_info_ja.csv */ = {isa = PBXFileReference; fileEncoding = 4; lastKnownFileType = text; path = lightning_talks_info_ja.csv; sourceTree = "<group>"; };
		46D1653712007283008FF7CD /* session_info_en.csv */ = {isa = PBXFileReference; fileEncoding = 4; lastKnownFileType = text; path = session_info_en.csv; sourceTree = "<group>"; };
		46D1653812007283008FF7CD /* session_info_ja.csv */ = {isa = PBXFileReference; fileEncoding = 4; lastKnownFileType = text; path = session_info_ja.csv; sourceTree = "<group>"; };
		46D4430311AEC09E0076E28B /* Day.h */ = {isa = PBXFileReference; fileEncoding = 4; lastKnownFileType = sourcecode.c.h; path = Day.h; sourceTree = "<group>"; };
		46D4430411AEC09E0076E28B /* Day.m */ = {isa = PBXFileReference; fileEncoding = 4; lastKnownFileType = sourcecode.c.objc; path = Day.m; sourceTree = "<group>"; };
		46D4430511AEC09E0076E28B /* Region.h */ = {isa = PBXFileReference; fileEncoding = 4; lastKnownFileType = sourcecode.c.h; path = Region.h; sourceTree = "<group>"; };
		46D4430611AEC09E0076E28B /* Region.m */ = {isa = PBXFileReference; fileEncoding = 4; lastKnownFileType = sourcecode.c.objc; path = Region.m; sourceTree = "<group>"; };
		46D4472611B133F40076E28B /* Property.h */ = {isa = PBXFileReference; fileEncoding = 4; lastKnownFileType = sourcecode.c.h; path = Property.h; sourceTree = "<group>"; };
		46D4472711B133F40076E28B /* Property.m */ = {isa = PBXFileReference; fileEncoding = 4; lastKnownFileType = sourcecode.c.objc; path = Property.m; sourceTree = "<group>"; };
		46D8286111DDEF3E00D1D0AE /* SessionTableViewCell.h */ = {isa = PBXFileReference; fileEncoding = 4; lastKnownFileType = sourcecode.c.h; path = SessionTableViewCell.h; sourceTree = "<group>"; };
		46D8286211DDEF3E00D1D0AE /* SessionTableViewCell.m */ = {isa = PBXFileReference; fileEncoding = 4; lastKnownFileType = sourcecode.c.objc; path = SessionTableViewCell.m; sourceTree = "<group>"; };
		46DDEDA91218F8CC0046F022 /* SummaryViewController.h */ = {isa = PBXFileReference; fileEncoding = 4; lastKnownFileType = sourcecode.c.h; path = SummaryViewController.h; sourceTree = "<group>"; };
		46DDEDAA1218F8CC0046F022 /* SummaryViewController.m */ = {isa = PBXFileReference; fileEncoding = 4; lastKnownFileType = sourcecode.c.objc; path = SummaryViewController.m; sourceTree = "<group>"; };
		46DDEDAB1218F8CC0046F022 /* SummaryViewController.xib */ = {isa = PBXFileReference; lastKnownFileType = file.xib; path = SummaryViewController.xib; sourceTree = "<group>"; };
		46EE144F0FFE53FA000224D0 /* English */ = {isa = PBXFileReference; fileEncoding = 10; lastKnownFileType = text.plist.strings; name = English; path = English.lproj/Localizable.strings; sourceTree = "<group>"; };
		46EE14510FFE5406000224D0 /* Japanese */ = {isa = PBXFileReference; fileEncoding = 10; lastKnownFileType = text.plist.strings; name = Japanese; path = Japanese.lproj/Localizable.strings; sourceTree = "<group>"; };
		8D1107310486CEB800E47090 /* iRubyKaigi-Info.plist */ = {isa = PBXFileReference; fileEncoding = 4; lastKnownFileType = text.plist.xml; path = "iRubyKaigi-Info.plist"; plistStructureDefinitionIdentifier = "com.apple.xcode.plist.structure-definition.iphone.info-plist"; sourceTree = "<group>"; };
/* End PBXFileReference section */

/* Begin PBXFrameworksBuildPhase section */
		1D60588F0D05DD3D006BFB54 /* Frameworks */ = {
			isa = PBXFrameworksBuildPhase;
			buildActionMask = 2147483647;
			files = (
				1D60589F0D05DD5A006BFB54 /* Foundation.framework in Frameworks */,
				1DF5F4E00D08C38300B7A737 /* UIKit.framework in Frameworks */,
				2892E4100DC94CBA00A64D0F /* CoreGraphics.framework in Frameworks */,
				28860BE50F44EE6400985440 /* CoreData.framework in Frameworks */,
			);
			runOnlyForDeploymentPostprocessing = 0;
		};
/* End PBXFrameworksBuildPhase section */

/* Begin PBXGroup section */
		080E96DDFE201D6D7F000001 /* Classes */ = {
			isa = PBXGroup;
			children = (
				4620EA1912031997008BB2BC /* vendor */,
				460A79E90FFDA94400DD0775 /* Controllers */,
				46EE14360FFE53D1000224D0 /* Models */,
				4628FB1911DD94CE00EFB272 /* Views */,
				1D3623240D0F684500981E51 /* iRubyKaigiAppDelegate.h */,
				1D3623250D0F684500981E51 /* iRubyKaigiAppDelegate.m */,
				463AC8461001CEFF00AF2B05 /* IUTLog.h */,
			);
			path = Classes;
			sourceTree = "<group>";
		};
		19C28FACFE9D520D11CA2CBB /* Products */ = {
			isa = PBXGroup;
			children = (
				1D6058910D05DD3D006BFB54 /* iRubyKaigi2010.app */,
			);
			name = Products;
			sourceTree = "<group>";
		};
		29B97314FDCFA39411CA2CEA /* CustomTemplate */ = {
			isa = PBXGroup;
			children = (
				080E96DDFE201D6D7F000001 /* Classes */,
				29B97315FDCFA39411CA2CEA /* Other Sources */,
				29B97317FDCFA39411CA2CEA /* Resources */,
				4692CB0311ACB8040098ADE1 /* Resources-iPad */,
				29B97323FDCFA39411CA2CEA /* Frameworks */,
				19C28FACFE9D520D11CA2CBB /* Products */,
			);
			name = CustomTemplate;
			sourceTree = "<group>";
		};
		29B97315FDCFA39411CA2CEA /* Other Sources */ = {
			isa = PBXGroup;
			children = (
				4692CB4F11ACE3950098ADE1 /* iRubyKaigi_Prefix.pch */,
				29B97316FDCFA39411CA2CEA /* main.m */,
			);
			name = "Other Sources";
			sourceTree = "<group>";
		};
		29B97317FDCFA39411CA2CEA /* Resources */ = {
			isa = PBXGroup;
			children = (
				4613666C1212E40E00801913 /* timetable_update.json */,
				4620EA14120317F6008BB2BC /* timetable.json */,
				46D1653512007283008FF7CD /* lightning_talks_info_en.csv */,
				46D1653612007283008FF7CD /* lightning_talks_info_ja.csv */,
				46D1653712007283008FF7CD /* session_info_en.csv */,
				46D1653812007283008FF7CD /* session_info_ja.csv */,
				46BEE06B11E637990096B1B3 /* Default@2x.png */,
				46BEE06C11E637990096B1B3 /* icon@2x.png */,
				46218A8411DBA47E00CBBADF /* images */,
				4621C4A710071B770052495F /* iTunesArtwork */,
				4621C44710070EB60052495F /* icon.png */,
				461409E61004DA3500964C01 /* favorite_on_blue.png */,
				461409DB1004D97300964C01 /* favorite_on_red.png */,
				461409121004CB4900964C01 /* favorite_off.png */,
				461409131004CB4900964C01 /* favorite_on_green.png */,
				46EE144E0FFE53FA000224D0 /* Localizable.strings */,
				28AD735F0D9D9599002E5188 /* MainWindow.xib */,
				8D1107310486CEB800E47090 /* iRubyKaigi-Info.plist */,
				4621C49D100718610052495F /* Default.png */,
				46A0B8321008194B006B355A /* Entitlements.plist */,
				468A2A47100C5A4E00942FE4 /* Settings.bundle */,
			);
			name = Resources;
			sourceTree = "<group>";
		};
		29B97323FDCFA39411CA2CEA /* Frameworks */ = {
			isa = PBXGroup;
			children = (
				1DF5F4DF0D08C38300B7A737 /* UIKit.framework */,
				1D30AB110D05D00D00671497 /* Foundation.framework */,
				2892E40F0DC94CBA00A64D0F /* CoreGraphics.framework */,
				28860BE40F44EE6400985440 /* CoreData.framework */,
			);
			name = Frameworks;
			sourceTree = "<group>";
		};
		460A79E90FFDA94400DD0775 /* Controllers */ = {
			isa = PBXGroup;
			children = (
				46D161C111FFFB8B008FF7CD /* abstact */,
				46D1621912000053008FF7CD /* room */,
				46D1621A12000069008FF7CD /* speaker */,
				46D1621B1200007A008FF7CD /* favorit */,
				46D1621C12000097008FF7CD /* find */,
				46D1621E120000EF008FF7CD /* setting */,
				46D1621D120000D5008FF7CD /* share */,
			);
			path = Controllers;
			sourceTree = "<group>";
		};
		461366EA1213B73500801913 /* Migrations */ = {
			isa = PBXGroup;
			children = (
				465601E6121521B7003A3B3B /* V1To2.xcmappingmodel */,
			);
			path = Migrations;
			sourceTree = "<group>";
		};
		461407F51004B9CB00964C01 /* EO */ = {
			isa = PBXGroup;
			children = (
				465600ED12150CF9003A3B3B /* Belonging.h */,
				465600EE12150CF9003A3B3B /* Belonging.m */,
				465BB4CE11C9A25400770325 /* Room.h */,
				465BB4CF11C9A25400770325 /* Room.m */,
				465BB4D011C9A25400770325 /* Speaker.h */,
				465BB4D111C9A25400770325 /* Speaker.m */,
				46D4430511AEC09E0076E28B /* Region.h */,
				46D4430611AEC09E0076E28B /* Region.m */,
				46D4430311AEC09E0076E28B /* Day.h */,
				46D4430411AEC09E0076E28B /* Day.m */,
				46B73BB811AD355700D04842 /* Session.h */,
				46B73BB911AD355700D04842 /* Session.m */,
				461407F61004B9CB00964C01 /* LightningTalk.h */,
				461407F71004B9CB00964C01 /* LightningTalk.m */,
			);
			path = EO;
			sourceTree = "<group>";
		};
		46178E4511F9D011000BFA1C /* cider */ = {
			isa = PBXGroup;
			children = (
				46178E4611F9D011000BFA1C /* Cider.h */,
				46178E4711F9D011000BFA1C /* CiderCoreData.h */,
				46178E4811F9D011000BFA1C /* CoreData */,
				46178E7011F9D011000BFA1C /* Foundation */,
				46178E7D11F9D011000BFA1C /* Resources */,
				46178E8111F9D011000BFA1C /* UIKit */,
			);
			name = cider;
			path = vendor/cider/cider;
			sourceTree = SOURCE_ROOT;
		};
		46178E4811F9D011000BFA1C /* CoreData */ = {
			isa = PBXGroup;
			children = (
				46178E4911F9D011000BFA1C /* NSErrorCoreDataExtension.h */,
				46178E4A11F9D011000BFA1C /* NSErrorCoreDataExtension.m */,
				46178E4B11F9D011000BFA1C /* NSFetchedResultsController */,
				46178E4E11F9D011000BFA1C /* NSManagedObject */,
				46178E5F11F9D011000BFA1C /* NSManagedObjectContext */,
				46178E6611F9D011000BFA1C /* NSSortDescriptorExtension.h */,
				46178E6711F9D011000BFA1C /* NSSortDescriptorExtension.m */,
				46178E6811F9D011000BFA1C /* UIKit */,
			);
			path = CoreData;
			sourceTree = "<group>";
		};
		46178E4B11F9D011000BFA1C /* NSFetchedResultsController */ = {
			isa = PBXGroup;
			children = (
				46178E4C11F9D011000BFA1C /* NSFetchedResultsControllerSortedObject.h */,
				46178E4D11F9D011000BFA1C /* NSFetchedResultsControllerSortedObject.m */,
			);
			path = NSFetchedResultsController;
			sourceTree = "<group>";
		};
		46178E4E11F9D011000BFA1C /* NSManagedObject */ = {
			isa = PBXGroup;
			children = (
				46178E4F11F9D011000BFA1C /* ISFetchRequestCondition.h */,
				46178E5011F9D011000BFA1C /* ISFetchRequestCondition.m */,
				46178E5111F9D011000BFA1C /* NSManagedObjectCallbacks.h */,
				46178E5211F9D011000BFA1C /* NSManagedObjectCallbacks.m */,
				46178E5311F9D011000BFA1C /* NSManagedObjectCreation.h */,
				46178E5411F9D011000BFA1C /* NSManagedObjectCreation.m */,
				46178E5511F9D011000BFA1C /* NSManagedObjectDisplay.h */,
				46178E5611F9D011000BFA1C /* NSManagedObjectDisplay.m */,
				46178E5711F9D011000BFA1C /* NSManagedObjectFetch.h */,
				46178E5811F9D011000BFA1C /* NSManagedObjectFetch.m */,
				46178E5911F9D011000BFA1C /* NSManagedObjectFind.h */,
				46178E5A11F9D011000BFA1C /* NSManagedObjectFind.m */,
				46178E5B11F9D011000BFA1C /* NSManagedObjectList.h */,
				46178E5C11F9D011000BFA1C /* NSManagedObjectList.m */,
				46178E5D11F9D011000BFA1C /* NSManagedObjectSerialize.h */,
				46178E5E11F9D011000BFA1C /* NSManagedObjectSerialize.m */,
			);
			path = NSManagedObject;
			sourceTree = "<group>";
		};
		46178E5F11F9D011000BFA1C /* NSManagedObjectContext */ = {
			isa = PBXGroup;
			children = (
				46178E6011F9D011000BFA1C /* NSManagedObjectContextAop.h */,
				46178E6111F9D011000BFA1C /* NSManagedObjectContextAop.m */,
				46178E6211F9D011000BFA1C /* NSManagedObjectContextCreation.h */,
				46178E6311F9D011000BFA1C /* NSManagedObjectContextCreation.m */,
				46178E6411F9D011000BFA1C /* NSManagedObjectContextDefaultContext.h */,
				46178E6511F9D011000BFA1C /* NSManagedObjectContextDefaultContext.m */,
			);
			path = NSManagedObjectContext;
			sourceTree = "<group>";
		};
		46178E6811F9D011000BFA1C /* UIKit */ = {
			isa = PBXGroup;
			children = (
				46178E6911F9D011000BFA1C /* ISCDDetailedTableViewController.h */,
				46178E6A11F9D011000BFA1C /* ISCDDetailedTableViewController.m */,
				46178E6B11F9D011000BFA1C /* ISCDListTableViewController.h */,
				46178E6C11F9D011000BFA1C /* ISCDListTableViewController.m */,
				46178E6D11F9D011000BFA1C /* ISDateTimeInputViewController.h */,
				46178E6E11F9D011000BFA1C /* ISDateTimeInputViewController.m */,
				46178E6F11F9D011000BFA1C /* ISDateTimeInputViewController.xib */,
			);
			path = UIKit;
			sourceTree = "<group>";
		};
		46178E7011F9D011000BFA1C /* Foundation */ = {
			isa = PBXGroup;
			children = (
				469B8147120BC4FC007CDCF2 /* NSOperationQueueDefaultQueue.h */,
				469B8148120BC4FC007CDCF2 /* NSOperationQueueDefaultQueue.m */,
				46178E7111F9D011000BFA1C /* ISProperty.h */,
				46178E7211F9D011000BFA1C /* ISProperty.m */,
				46178E7311F9D011000BFA1C /* ISSectionedArrayController.h */,
				46178E7411F9D011000BFA1C /* ISSectionedArrayController.m */,
				46178E7511F9D011000BFA1C /* NSDateExtension.h */,
				46178E7611F9D011000BFA1C /* NSDateExtension.m */,
				46178E7711F9D011000BFA1C /* NSErrorExtension.h */,
				46178E7811F9D011000BFA1C /* NSErrorExtension.m */,
				46178E7911F9D011000BFA1C /* NSNotificationCenterExtension.h */,
				46178E7A11F9D011000BFA1C /* NSNotificationCenterExtension.m */,
				46178E7B11F9D011000BFA1C /* UIColorExtension.h */,
				46178E7C11F9D011000BFA1C /* UIColorExtension.m */,
			);
			path = Foundation;
			sourceTree = "<group>";
		};
		46178E7D11F9D011000BFA1C /* Resources */ = {
			isa = PBXGroup;
			children = (
				46178E7E11F9D011000BFA1C /* cider.strings */,
			);
			path = Resources;
			sourceTree = "<group>";
		};
		46178E8111F9D011000BFA1C /* UIKit */ = {
			isa = PBXGroup;
			children = (
				46178E8211F9D011000BFA1C /* ISSelectionTableViewController.h */,
				46178E8311F9D011000BFA1C /* ISSelectionTableViewController.m */,
				46178E8411F9D011000BFA1C /* ISTableViewCell.h */,
				46178E8511F9D011000BFA1C /* ISTableViewCell.m */,
			);
			path = UIKit;
			sourceTree = "<group>";
		};
		4620EA1912031997008BB2BC /* vendor */ = {
			isa = PBXGroup;
			children = (
				4620EA1A120319AF008BB2BC /* json */,
				46178E4511F9D011000BFA1C /* cider */,
			);
			name = vendor;
			sourceTree = "<group>";
		};
		4620EA1A120319AF008BB2BC /* json */ = {
			isa = PBXGroup;
			children = (
				4620EA1B120319AF008BB2BC /* JSON.h */,
				4620EA1C120319AF008BB2BC /* NSObject+SBJSON.h */,
				4620EA1D120319AF008BB2BC /* NSObject+SBJSON.m */,
				4620EA1E120319AF008BB2BC /* NSString+SBJSON.h */,
				4620EA1F120319AF008BB2BC /* NSString+SBJSON.m */,
				4620EA20120319AF008BB2BC /* SBJsonBase.h */,
				4620EA21120319AF008BB2BC /* SBJsonBase.m */,
				4620EA22120319AF008BB2BC /* SBJsonParser.h */,
				4620EA23120319AF008BB2BC /* SBJsonParser.m */,
				4620EA24120319AF008BB2BC /* SBJsonWriter.h */,
				4620EA25120319AF008BB2BC /* SBJsonWriter.m */,
			);
			name = json;
			path = "vendor/json-framework/Classes";
			sourceTree = SOURCE_ROOT;
		};
		46218A8411DBA47E00CBBADF /* images */ = {
			isa = PBXGroup;
			children = (
				46D164FC1200336A008FF7CD /* find_30x30.png */,
				46D164FD1200336A008FF7CD /* find_30x30@2x.png */,
				46C96D3411E43CEE00680067 /* blank_30x30.png */,
				46C96D3511E43CEE00680067 /* blank_30x30@2x.png */,
				466883F711E3174100D344C7 /* favorite_30x30.png */,
				466883F811E3174100D344C7 /* favorite_30x30@2x.png */,
				4668838211E2F76600D344C7 /* favorite_off_30x30.png */,
				4668838311E2F76600D344C7 /* favorite_off_30x30@2x.png */,
				4668838411E2F76600D344C7 /* favorite_on_30x30.png */,
				4668838511E2F76600D344C7 /* favorite_on_30x30@2x.png */,
				4668838611E2F76600D344C7 /* setting_icon_30x30@2x.png */,
				4668832611E2EC6C00D344C7 /* setting_icon_30x30.png */,
				466301A011DC7B1B008FEB6D /* session_by_room_icon_30x30.png */,
				466301A111DC7B1B008FEB6D /* session_by_room_icon_30x30@2x.png */,
				4663019C11DC7965008FEB6D /* session_by_speaker_icon_30x30.png */,
				4663019D11DC7965008FEB6D /* session_by_speaker_icon_30x30@2x.png */,
				46218A8711DBA47E00CBBADF /* session_by_date_icon_30x30@2x.png */,
				46218A8811DBA47E00CBBADF /* session_by_date_icon_30x30.png */,
			);
			path = images;
			sourceTree = "<group>";
		};
		4628FB1911DD94CE00EFB272 /* Views */ = {
			isa = PBXGroup;
			children = (
				46D8286111DDEF3E00D1D0AE /* SessionTableViewCell.h */,
				46D8286211DDEF3E00D1D0AE /* SessionTableViewCell.m */,
				46D1621F12000147008FF7CD /* LightningTalkTableViewCell.h */,
				46D1622012000147008FF7CD /* LightningTalkTableViewCell.m */,
				4668845311E31E1300D344C7 /* RoomColorView.h */,
				4668845411E31E1300D344C7 /* RoomColorView.m */,
				46C96CF511E40CEC00680067 /* RoomTableViewCell.h */,
				46C96CF611E40CEC00680067 /* RoomTableViewCell.m */,
				4617916411FB268E000BFA1C /* UIColorIRK.h */,
				4617916511FB268E000BFA1C /* UIColorIRK.m */,
			);
			path = Views;
			sourceTree = "<group>";
		};
		4692CB0311ACB8040098ADE1 /* Resources-iPad */ = {
			isa = PBXGroup;
			children = (
			);
			name = "Resources-iPad";
			sourceTree = "<group>";
		};
		46D161C111FFFB8B008FF7CD /* abstact */ = {
			isa = PBXGroup;
			children = (
				46D161BE11FFFB2B008FF7CD /* IRKListTableViewController.h */,
				46D161BF11FFFB2B008FF7CD /* IRKListTableViewController.m */,
				46D161C211FFFBA7008FF7CD /* IRKTableViewController.h */,
				46D161C311FFFBA7008FF7CD /* IRKTableViewController.m */,
				46D161E011FFFC51008FF7CD /* IRKDetaildTableViewController.h */,
				46D161E111FFFC51008FF7CD /* IRKDetaildTableViewController.m */,
				466882C711E2E25300D344C7 /* SessionBySomethingTableViewController.h */,
				466882C811E2E25300D344C7 /* SessionBySomethingTableViewController.m */,
				46D163A912002163008FF7CD /* SessionAndLightningTalkBySomethingTableViewController.h */,
				46D163AA12002163008FF7CD /* SessionAndLightningTalkBySomethingTableViewController.m */,
			);
			name = abstact;
			sourceTree = "<group>";
		};
		46D1621912000053008FF7CD /* room */ = {
			isa = PBXGroup;
			children = (
				46D160A711FFC157008FF7CD /* PresentSessionTableViewController.h */,
				46D160A811FFC157008FF7CD /* PresentSessionTableViewController.m */,
				46824FC911E1B6B500D73D84 /* RoomTableViewController.h */,
				46824FCA11E1B6B500D73D84 /* RoomTableViewController.m */,
				4682504411E1BF3E00D73D84 /* SessionByRoomTableViewController.h */,
				4682504511E1BF3E00D73D84 /* SessionByRoomTableViewController.m */,
			);
			name = room;
			sourceTree = "<group>";
		};
		46D1621A12000069008FF7CD /* speaker */ = {
			isa = PBXGroup;
			children = (
				466301B311DC7CC7008FEB6D /* SpeakerTableViewController.h */,
				466301B411DC7CC7008FEB6D /* SpeakerTableViewController.m */,
				4628F9D511DD68F400EFB272 /* SessionBySpeakerTableViewController.h */,
				4628F9D611DD68F400EFB272 /* SessionBySpeakerTableViewController.m */,
			);
			name = speaker;
			sourceTree = "<group>";
		};
		46D1621B1200007A008FF7CD /* favorit */ = {
			isa = PBXGroup;
			children = (
				466883FB11E3177600D344C7 /* FavoriteSessionTableViewController.h */,
				466883FC11E3177600D344C7 /* FavoriteSessionTableViewController.m */,
			);
			name = favorit;
			sourceTree = "<group>";
		};
		46D1621C12000097008FF7CD /* find */ = {
			isa = PBXGroup;
			children = (
				46178F5411F9D4AB000BFA1C /* FindTableViewController.h */,
				46178F5511F9D4AB000BFA1C /* FindTableViewController.m */,
				46178F7F11FAD12A000BFA1C /* FindTableViewController.xib */,
				465BB9D311CA573000770325 /* HistoryTableViewController.h */,
				465BB9D411CA573000770325 /* HistoryTableViewController.m */,
			);
			name = find;
			sourceTree = "<group>";
		};
		46D1621D120000D5008FF7CD /* share */ = {
			isa = PBXGroup;
			children = (
				46D162A0120009CB008FF7CD /* AbstractSessionDetaildTableViewController.h */,
				46D162A1120009CB008FF7CD /* AbstractSessionDetaildTableViewController.m */,
				4628FA3A11DD76EA00EFB272 /* SessionDetailedTableViewController.h */,
				4628FA3B11DD76EA00EFB272 /* SessionDetailedTableViewController.m */,
				4613682A1213CA4800801913 /* SpeakerDetaildTableViewController.h */,
				4613682B1213CA4800801913 /* SpeakerDetaildTableViewController.m */,
				461792F211FC0B85000BFA1C /* LightningTalkTableViewController.h */,
				461792F311FC0B85000BFA1C /* LightningTalkTableViewController.m */,
				461408361004BC4D00964C01 /* LightningTalkDetailedTableViewController.h */,
				461408371004BC4D00964C01 /* LightningTalkDetailedTableViewController.m */,
				4641FD6A1207C25200317642 /* WebViewController.h */,
				4641FD6B1207C25200317642 /* WebViewController.m */,
				46DDEDA91218F8CC0046F022 /* SummaryViewController.h */,
				46DDEDAA1218F8CC0046F022 /* SummaryViewController.m */,
				46DDEDAB1218F8CC0046F022 /* SummaryViewController.xib */,
			);
			name = share;
			sourceTree = "<group>";
		};
		46D1621E120000EF008FF7CD /* setting */ = {
			isa = PBXGroup;
			children = (
				4668831911E2E9BA00D344C7 /* SettingTableViewController.h */,
				4668831A11E2E9BA00D344C7 /* SettingTableViewController.m */,
			);
			name = setting;
			sourceTree = "<group>";
		};
		46EE14360FFE53D1000224D0 /* Models */ = {
			isa = PBXGroup;
			children = (
				461366EA1213B73500801913 /* Migrations */,
				461407F51004B9CB00964C01 /* EO */,
				46B73BF811ADD21A00D04842 /* Importer.h */,
				46B73BF911ADD21A00D04842 /* Importer.m */,
				46B73BFC11ADD31400D04842 /* TestDataImporter.h */,
				46B73BFD11ADD31400D04842 /* TestDataImporter.m */,
				461366E01213B6BD00801913 /* iRubyKaigi.xcdatamodeld */,
				46D4472611B133F40076E28B /* Property.h */,
				46D4472711B133F40076E28B /* Property.m */,
				4620EA16120318A5008BB2BC /* JsonImporter.h */,
				4620EA17120318A5008BB2BC /* JsonImporter.m */,
			);
			path = Models;
			sourceTree = "<group>";
		};
/* End PBXGroup section */

/* Begin PBXNativeTarget section */
		1D6058900D05DD3D006BFB54 /* iRubyKaigi 2010 */ = {
			isa = PBXNativeTarget;
			buildConfigurationList = 1D6058960D05DD3E006BFB54 /* Build configuration list for PBXNativeTarget "iRubyKaigi 2010" */;
			buildPhases = (
				1D60588D0D05DD3D006BFB54 /* Resources */,
				1D60588E0D05DD3D006BFB54 /* Sources */,
				1D60588F0D05DD3D006BFB54 /* Frameworks */,
			);
			buildRules = (
			);
			dependencies = (
			);
			name = "iRubyKaigi 2010";
			productName = iRubyKaigi2009;
			productReference = 1D6058910D05DD3D006BFB54 /* iRubyKaigi2010.app */;
			productType = "com.apple.product-type.application";
		};
/* End PBXNativeTarget section */

/* Begin PBXProject section */
		29B97313FDCFA39411CA2CEA /* Project object */ = {
			isa = PBXProject;
			buildConfigurationList = C01FCF4E08A954540054247B /* Build configuration list for PBXProject "iRubyKaigi" */;
			compatibilityVersion = "Xcode 3.1";
			hasScannedForEncodings = 1;
			knownRegions = (
				English,
				Japanese,
				French,
				German,
				en,
			);
			mainGroup = 29B97314FDCFA39411CA2CEA /* CustomTemplate */;
			projectDirPath = "";
			projectRoot = "";
			targets = (
				1D6058900D05DD3D006BFB54 /* iRubyKaigi 2010 */,
			);
		};
/* End PBXProject section */

/* Begin PBXResourcesBuildPhase section */
		1D60588D0D05DD3D006BFB54 /* Resources */ = {
			isa = PBXResourcesBuildPhase;
			buildActionMask = 2147483647;
			files = (
				28AD73600D9D9599002E5188 /* MainWindow.xib in Resources */,
				46EE14500FFE53FA000224D0 /* Localizable.strings in Resources */,
				4621C44810070EB60052495F /* icon.png in Resources */,
				4621C49E100718610052495F /* Default.png in Resources */,
				4621C51610072C4D0052495F /* iTunesArtwork in Resources */,
				46A0B8331008194B006B355A /* Entitlements.plist in Resources */,
				468A2A48100C5A4E00942FE4 /* Settings.bundle in Resources */,
				4663019E11DC7965008FEB6D /* session_by_speaker_icon_30x30.png in Resources */,
				4663019F11DC7965008FEB6D /* session_by_speaker_icon_30x30@2x.png in Resources */,
				466301A211DC7B1B008FEB6D /* session_by_room_icon_30x30.png in Resources */,
				466301A311DC7B1B008FEB6D /* session_by_room_icon_30x30@2x.png in Resources */,
				4668832711E2EC6C00D344C7 /* setting_icon_30x30.png in Resources */,
				4668838711E2F76600D344C7 /* favorite_off_30x30.png in Resources */,
				4668838811E2F76600D344C7 /* favorite_off_30x30@2x.png in Resources */,
				4668838911E2F76600D344C7 /* favorite_on_30x30.png in Resources */,
				4668838A11E2F76600D344C7 /* favorite_on_30x30@2x.png in Resources */,
				4668838B11E2F76600D344C7 /* setting_icon_30x30@2x.png in Resources */,
				466883F911E3174100D344C7 /* favorite_30x30.png in Resources */,
				466883FA11E3174100D344C7 /* favorite_30x30@2x.png in Resources */,
				46C96D3611E43CEE00680067 /* blank_30x30.png in Resources */,
				46C96D3711E43CEE00680067 /* blank_30x30@2x.png in Resources */,
				46BEE06D11E637990096B1B3 /* Default@2x.png in Resources */,
				46BEE06E11E637990096B1B3 /* icon@2x.png in Resources */,
				46178E9711F9D011000BFA1C /* ISDateTimeInputViewController.xib in Resources */,
				46178E9E11F9D011000BFA1C /* cider.strings in Resources */,
				46178F8011FAD12A000BFA1C /* FindTableViewController.xib in Resources */,
				46D164FE1200336A008FF7CD /* find_30x30.png in Resources */,
				46D164FF1200336A008FF7CD /* find_30x30@2x.png in Resources */,
				46D1653912007283008FF7CD /* lightning_talks_info_en.csv in Resources */,
				46D1653A12007283008FF7CD /* lightning_talks_info_ja.csv in Resources */,
				46D1653B12007283008FF7CD /* session_info_en.csv in Resources */,
				46D1653C12007283008FF7CD /* session_info_ja.csv in Resources */,
				4620EA15120317F6008BB2BC /* timetable.json in Resources */,
				4613666D1212E40E00801913 /* timetable_update.json in Resources */,
				46DDEDAD1218F8CC0046F022 /* SummaryViewController.xib in Resources */,
			);
			runOnlyForDeploymentPostprocessing = 0;
		};
/* End PBXResourcesBuildPhase section */

/* Begin PBXSourcesBuildPhase section */
		1D60588E0D05DD3D006BFB54 /* Sources */ = {
			isa = PBXSourcesBuildPhase;
			buildActionMask = 2147483647;
			files = (
				1D60589B0D05DD56006BFB54 /* main.m in Sources */,
				1D3623260D0F684500981E51 /* iRubyKaigiAppDelegate.m in Sources */,
				46B73BBC11AD355700D04842 /* Session.m in Sources */,
				46B73BFA11ADD21A00D04842 /* Importer.m in Sources */,
				46D4430711AEC09E0076E28B /* Day.m in Sources */,
				46D4430811AEC09E0076E28B /* Region.m in Sources */,
				46D4472811B133F40076E28B /* Property.m in Sources */,
				465BB4D211C9A25400770325 /* Room.m in Sources */,
				465BB4D311C9A25400770325 /* Speaker.m in Sources */,
				465BB9D511CA573000770325 /* HistoryTableViewController.m in Sources */,
				466301B511DC7CC7008FEB6D /* SpeakerTableViewController.m in Sources */,
				4628F9D711DD68F400EFB272 /* SessionBySpeakerTableViewController.m in Sources */,
				4628FA3C11DD76EA00EFB272 /* SessionDetailedTableViewController.m in Sources */,
				46D8286311DDEF3E00D1D0AE /* SessionTableViewCell.m in Sources */,
				46824FCB11E1B6B500D73D84 /* RoomTableViewController.m in Sources */,
				4682504611E1BF3E00D73D84 /* SessionByRoomTableViewController.m in Sources */,
				466882C911E2E25300D344C7 /* SessionBySomethingTableViewController.m in Sources */,
				4668831B11E2E9BA00D344C7 /* SettingTableViewController.m in Sources */,
				466883FD11E3177600D344C7 /* FavoriteSessionTableViewController.m in Sources */,
				4668845511E31E1300D344C7 /* RoomColorView.m in Sources */,
				46C96CF711E40CEC00680067 /* RoomTableViewCell.m in Sources */,
				46178E8611F9D011000BFA1C /* NSErrorCoreDataExtension.m in Sources */,
				46178E8711F9D011000BFA1C /* NSFetchedResultsControllerSortedObject.m in Sources */,
				46178E8811F9D011000BFA1C /* ISFetchRequestCondition.m in Sources */,
				46178E8911F9D011000BFA1C /* NSManagedObjectCallbacks.m in Sources */,
				46178E8A11F9D011000BFA1C /* NSManagedObjectCreation.m in Sources */,
				46178E8B11F9D011000BFA1C /* NSManagedObjectDisplay.m in Sources */,
				46178E8C11F9D011000BFA1C /* NSManagedObjectFetch.m in Sources */,
				46178E8D11F9D011000BFA1C /* NSManagedObjectFind.m in Sources */,
				46178E8E11F9D011000BFA1C /* NSManagedObjectList.m in Sources */,
				46178E8F11F9D011000BFA1C /* NSManagedObjectSerialize.m in Sources */,
				46178E9011F9D011000BFA1C /* NSManagedObjectContextAop.m in Sources */,
				46178E9111F9D011000BFA1C /* NSManagedObjectContextCreation.m in Sources */,
				46178E9211F9D011000BFA1C /* NSManagedObjectContextDefaultContext.m in Sources */,
				46178E9311F9D011000BFA1C /* NSSortDescriptorExtension.m in Sources */,
				46178E9411F9D011000BFA1C /* ISCDDetailedTableViewController.m in Sources */,
				46178E9511F9D011000BFA1C /* ISCDListTableViewController.m in Sources */,
				46178E9611F9D011000BFA1C /* ISDateTimeInputViewController.m in Sources */,
				46178E9811F9D011000BFA1C /* ISProperty.m in Sources */,
				46178E9911F9D011000BFA1C /* ISSectionedArrayController.m in Sources */,
				46178E9A11F9D011000BFA1C /* NSDateExtension.m in Sources */,
				46178E9B11F9D011000BFA1C /* NSErrorExtension.m in Sources */,
				46178E9C11F9D011000BFA1C /* NSNotificationCenterExtension.m in Sources */,
				46178E9D11F9D011000BFA1C /* UIColorExtension.m in Sources */,
				46178E9F11F9D011000BFA1C /* ISSelectionTableViewController.m in Sources */,
				46178EA011F9D011000BFA1C /* ISTableViewCell.m in Sources */,
				46178F5611F9D4AB000BFA1C /* FindTableViewController.m in Sources */,
				4617916611FB268E000BFA1C /* UIColorIRK.m in Sources */,
				461792F411FC0B85000BFA1C /* LightningTalkTableViewController.m in Sources */,
				4617930F11FC0DE1000BFA1C /* LightningTalk.m in Sources */,
				46D160A911FFC157008FF7CD /* PresentSessionTableViewController.m in Sources */,
				46D161C011FFFB2B008FF7CD /* IRKListTableViewController.m in Sources */,
				46D161C411FFFBA7008FF7CD /* IRKTableViewController.m in Sources */,
				46D161E211FFFC51008FF7CD /* IRKDetaildTableViewController.m in Sources */,
				46D1622112000147008FF7CD /* LightningTalkTableViewCell.m in Sources */,
				46D1628112000810008FF7CD /* LightningTalkDetailedTableViewController.m in Sources */,
				46D162A2120009CB008FF7CD /* AbstractSessionDetaildTableViewController.m in Sources */,
				46D163AB12002163008FF7CD /* SessionAndLightningTalkBySomethingTableViewController.m in Sources */,
				4620EA18120318A5008BB2BC /* JsonImporter.m in Sources */,
				4620EA26120319AF008BB2BC /* NSObject+SBJSON.m in Sources */,
				4620EA27120319AF008BB2BC /* NSString+SBJSON.m in Sources */,
				4620EA28120319AF008BB2BC /* SBJsonBase.m in Sources */,
				4620EA29120319AF008BB2BC /* SBJsonParser.m in Sources */,
				4620EA2A120319AF008BB2BC /* SBJsonWriter.m in Sources */,
				469B8149120BC4FC007CDCF2 /* NSOperationQueueDefaultQueue.m in Sources */,
				461367351213BC7900801913 /* iRubyKaigi.xcdatamodeld in Sources */,
				4613682C1213CA4800801913 /* SpeakerDetaildTableViewController.m in Sources */,
				465600EF12150CF9003A3B3B /* Belonging.m in Sources */,
				465601E7121521B7003A3B3B /* V1To2.xcmappingmodel in Sources */,
				46AF91F21217777A0094F232 /* WebViewController.m in Sources */,
				46DDEDAC1218F8CC0046F022 /* SummaryViewController.m in Sources */,
			);
			runOnlyForDeploymentPostprocessing = 0;
		};
/* End PBXSourcesBuildPhase section */

/* Begin PBXVariantGroup section */
		46178E7E11F9D011000BFA1C /* cider.strings */ = {
			isa = PBXVariantGroup;
			children = (
				46178E7F11F9D011000BFA1C /* English */,
				46178E8011F9D011000BFA1C /* Japanese */,
			);
			name = cider.strings;
			sourceTree = "<group>";
		};
		46EE144E0FFE53FA000224D0 /* Localizable.strings */ = {
			isa = PBXVariantGroup;
			children = (
				46EE144F0FFE53FA000224D0 /* English */,
				46EE14510FFE5406000224D0 /* Japanese */,
			);
			name = Localizable.strings;
			sourceTree = "<group>";
		};
/* End PBXVariantGroup section */

/* Begin XCBuildConfiguration section */
		1D6058940D05DD3E006BFB54 /* Debug */ = {
			isa = XCBuildConfiguration;
			buildSettings = {
				ALWAYS_SEARCH_USER_PATHS = NO;
				ARCHS = "$(ARCHS_STANDARD_32_BIT)";
				CODE_SIGN_IDENTITY = "";
				"CODE_SIGN_IDENTITY[sdk=iphoneos*]" = "iPhone Developer";
				COPY_PHASE_STRIP = NO;
				GCC_DYNAMIC_NO_PIC = NO;
				GCC_OPTIMIZATION_LEVEL = 0;
				GCC_PRECOMPILE_PREFIX_HEADER = YES;
				GCC_PREFIX_HEADER = iRubyKaigi_Prefix.pch;
				GCC_PREPROCESSOR_DEFINITIONS = DEBUG;
				INFOPLIST_FILE = "iRubyKaigi-Info.plist";
				IPHONEOS_DEPLOYMENT_TARGET = 3.0;
				PRODUCT_NAME = iRubyKaigi2010;
				"PROVISIONING_PROFILE[sdk=iphoneos*]" = "";
				RUN_CLANG_STATIC_ANALYZER = YES;
				SDKROOT = iphoneos4.0;
				TARGETED_DEVICE_FAMILY = 1;
			};
			name = Debug;
		};
		1D6058950D05DD3E006BFB54 /* Release */ = {
			isa = XCBuildConfiguration;
			buildSettings = {
				ALWAYS_SEARCH_USER_PATHS = NO;
				ARCHS = "$(ARCHS_STANDARD_32_BIT)";
				COPY_PHASE_STRIP = YES;
				GCC_PRECOMPILE_PREFIX_HEADER = YES;
				GCC_PREFIX_HEADER = iRubyKaigi_Prefix.pch;
				INFOPLIST_FILE = "iRubyKaigi-Info.plist";
				PRODUCT_NAME = iRubyKaigi2010;
				RUN_CLANG_STATIC_ANALYZER = YES;
				SDKROOT = iphoneos4.0;
				TARGETED_DEVICE_FAMILY = 1;
			};
			name = Release;
		};
		46205BB41008177E0046B785 /* Ad Hoc Distribution */ = {
			isa = XCBuildConfiguration;
			buildSettings = {
				ARCHS = "$(ARCHS_STANDARD_32_BIT)";
				"CODE_SIGN_IDENTITY[sdk=iphoneos*]" = "iPhone Developer";
				GCC_C_LANGUAGE_STANDARD = c99;
				GCC_WARN_ABOUT_RETURN_TYPE = YES;
				GCC_WARN_UNUSED_VARIABLE = YES;
				IPHONEOS_DEPLOYMENT_TARGET = 3.0;
				PREBINDING = NO;
				SDKROOT = iphoneos4.0;
			};
			name = "Ad Hoc Distribution";
		};
		46205BB51008177E0046B785 /* Ad Hoc Distribution */ = {
			isa = XCBuildConfiguration;
			buildSettings = {
				ALWAYS_SEARCH_USER_PATHS = NO;
				ARCHS = "$(ARCHS_STANDARD_32_BIT)";
				CODE_SIGN_ENTITLEMENTS = Entitlements.plist;
				"CODE_SIGN_IDENTITY[sdk=iphoneos*]" = "iPhone Distribution";
				COPY_PHASE_STRIP = YES;
				GCC_PRECOMPILE_PREFIX_HEADER = YES;
				GCC_PREFIX_HEADER = iRubyKaigi_Prefix.pch;
				INFOPLIST_FILE = "iRubyKaigi-Info.plist";
				PRODUCT_NAME = iRubyKaigi2010;
				"PROVISIONING_PROFILE[sdk=iphoneos*]" = "";
				RUN_CLANG_STATIC_ANALYZER = YES;
				SDKROOT = iphoneos4.0;
				TARGETED_DEVICE_FAMILY = 1;
			};
			name = "Ad Hoc Distribution";
		};
		46880C5E120EE5A500D28513 /* AppStore */ = {
			isa = XCBuildConfiguration;
			buildSettings = {
				ARCHS = "$(ARCHS_STANDARD_32_BIT)";
				"CODE_SIGN_IDENTITY[sdk=iphoneos*]" = "iPhone Distribution: ITO SOFT DESIGN Inc.";
				GCC_C_LANGUAGE_STANDARD = c99;
				GCC_WARN_ABOUT_RETURN_TYPE = YES;
				GCC_WARN_UNUSED_VARIABLE = YES;
				IPHONEOS_DEPLOYMENT_TARGET = 3.0;
				PREBINDING = NO;
				"PROVISIONING_PROFILE[sdk=iphoneos*]" = "AA3936EC-71BE-48A0-BBAF-275D8DFBC6AA";
				SDKROOT = iphoneos4.0;
			};
			name = AppStore;
		};
		46880C5F120EE5A500D28513 /* AppStore */ = {
			isa = XCBuildConfiguration;
			buildSettings = {
				ALWAYS_SEARCH_USER_PATHS = NO;
				ARCHS = "$(ARCHS_STANDARD_32_BIT)";
				COPY_PHASE_STRIP = YES;
				GCC_PRECOMPILE_PREFIX_HEADER = YES;
				GCC_PREFIX_HEADER = iRubyKaigi_Prefix.pch;
				INFOPLIST_FILE = "iRubyKaigi-Info.plist";
				PRODUCT_NAME = iRubyKaigi2010;
				RUN_CLANG_STATIC_ANALYZER = YES;
				SDKROOT = iphoneos4.0;
				TARGETED_DEVICE_FAMILY = 1;
			};
			name = AppStore;
		};
		C01FCF4F08A954540054247B /* Debug */ = {
			isa = XCBuildConfiguration;
			buildSettings = {
				ARCHS = "$(ARCHS_STANDARD_32_BIT)";
				"CODE_SIGN_IDENTITY[sdk=iphoneos*]" = "iPhone Developer";
				GCC_C_LANGUAGE_STANDARD = c99;
				GCC_WARN_ABOUT_RETURN_TYPE = YES;
				GCC_WARN_UNUSED_VARIABLE = YES;
				IPHONEOS_DEPLOYMENT_TARGET = 3.0;
				PREBINDING = NO;
				SDKROOT = iphoneos4.0;
			};
			name = Debug;
		};
		C01FCF5008A954540054247B /* Release */ = {
			isa = XCBuildConfiguration;
			buildSettings = {
				ARCHS = "$(ARCHS_STANDARD_32_BIT)";
				"CODE_SIGN_IDENTITY[sdk=iphoneos*]" = "iPhone Developer";
				GCC_C_LANGUAGE_STANDARD = c99;
				GCC_WARN_ABOUT_RETURN_TYPE = YES;
				GCC_WARN_UNUSED_VARIABLE = YES;
				IPHONEOS_DEPLOYMENT_TARGET = 3.0;
				PREBINDING = NO;
				SDKROOT = iphoneos4.0;
			};
			name = Release;
		};
/* End XCBuildConfiguration section */

/* Begin XCConfigurationList section */
		1D6058960D05DD3E006BFB54 /* Build configuration list for PBXNativeTarget "iRubyKaigi 2010" */ = {
			isa = XCConfigurationList;
			buildConfigurations = (
				1D6058940D05DD3E006BFB54 /* Debug */,
				1D6058950D05DD3E006BFB54 /* Release */,
				46880C5F120EE5A500D28513 /* AppStore */,
				46205BB51008177E0046B785 /* Ad Hoc Distribution */,
			);
			defaultConfigurationIsVisible = 0;
			defaultConfigurationName = Release;
		};
		C01FCF4E08A954540054247B /* Build configuration list for PBXProject "iRubyKaigi" */ = {
			isa = XCConfigurationList;
			buildConfigurations = (
				C01FCF4F08A954540054247B /* Debug */,
				C01FCF5008A954540054247B /* Release */,
				46880C5E120EE5A500D28513 /* AppStore */,
				46205BB41008177E0046B785 /* Ad Hoc Distribution */,
			);
			defaultConfigurationIsVisible = 0;
			defaultConfigurationName = Release;
		};
/* End XCConfigurationList section */

/* Begin XCVersionGroup section */
		461366E01213B6BD00801913 /* iRubyKaigi.xcdatamodeld */ = {
			isa = XCVersionGroup;
			children = (
				4692CB4D11ACE36E0098ADE1 /* iRubyKaigi.xcdatamodel */,
				461366E21213B6BD00801913 /* iRubyKaigi 2.xcdatamodel */,
			);
			currentVersion = 461366E21213B6BD00801913 /* iRubyKaigi 2.xcdatamodel */;
			name = iRubyKaigi.xcdatamodeld;
			path = ../../iRubyKaigi.xcdatamodeld;
			sourceTree = "<group>";
			versionGroupType = wrapper.xcdatamodel;
		};
/* End XCVersionGroup section */
	};
	rootObject = 29B97313FDCFA39411CA2CEA /* Project object */;
}
