// !$*UTF8*$!
{
	archiveVersion = 1;
	classes = {
	};
	objectVersion = 45;
	objects = {

/* Begin PBXBuildFile section */
		1D3623260D0F684500981E51 /* iRubyKaigi2009AppDelegate.m in Sources */ = {isa = PBXBuildFile; fileRef = 1D3623250D0F684500981E51 /* iRubyKaigi2009AppDelegate.m */; };
		1D60589B0D05DD56006BFB54 /* main.m in Sources */ = {isa = PBXBuildFile; fileRef = 29B97316FDCFA39411CA2CEA /* main.m */; };
		1D60589F0D05DD5A006BFB54 /* Foundation.framework in Frameworks */ = {isa = PBXBuildFile; fileRef = 1D30AB110D05D00D00671497 /* Foundation.framework */; };
		1DF5F4E00D08C38300B7A737 /* UIKit.framework in Frameworks */ = {isa = PBXBuildFile; fileRef = 1DF5F4DF0D08C38300B7A737 /* UIKit.framework */; };
		28860B770F44E54D00985440 /* iRubyKaigi2009.xcdatamodel in Sources */ = {isa = PBXBuildFile; fileRef = 28860B760F44E54D00985440 /* iRubyKaigi2009.xcdatamodel */; };
		28860BE50F44EE6400985440 /* CoreData.framework in Frameworks */ = {isa = PBXBuildFile; fileRef = 28860BE40F44EE6400985440 /* CoreData.framework */; };
		2892E4100DC94CBA00A64D0F /* CoreGraphics.framework in Frameworks */ = {isa = PBXBuildFile; fileRef = 2892E40F0DC94CBA00A64D0F /* CoreGraphics.framework */; };
		28AD73600D9D9599002E5188 /* MainWindow.xib in Resources */ = {isa = PBXBuildFile; fileRef = 28AD735F0D9D9599002E5188 /* MainWindow.xib */; };
		460A79EE0FFDA94400DD0775 /* SessionTableViewController.m in Sources */ = {isa = PBXBuildFile; fileRef = 460A79EB0FFDA94400DD0775 /* SessionTableViewController.m */; };
		460A79F30FFDA98600DD0775 /* session_info.csv in Resources */ = {isa = PBXBuildFile; fileRef = 460A79F10FFDA98600DD0775 /* session_info.csv */; };
		461405081003AE9D00964C01 /* lightning_talks_info.csv in Resources */ = {isa = PBXBuildFile; fileRef = 461405061003AE9D00964C01 /* lightning_talks_info.csv */; };
		461407CE1004B83800964C01 /* LightningTalksTableViewController.m in Sources */ = {isa = PBXBuildFile; fileRef = 461407CD1004B83800964C01 /* LightningTalksTableViewController.m */; };
		461407F81004B9CB00964C01 /* LightningTalk.m in Sources */ = {isa = PBXBuildFile; fileRef = 461407F71004B9CB00964C01 /* LightningTalk.m */; };
		461408381004BC4D00964C01 /* LightningTalksDetailTableViewController.m in Sources */ = {isa = PBXBuildFile; fileRef = 461408371004BC4D00964C01 /* LightningTalksDetailTableViewController.m */; };
		461409141004CB4900964C01 /* favorite_off.png in Resources */ = {isa = PBXBuildFile; fileRef = 461409121004CB4900964C01 /* favorite_off.png */; };
		461409E71004DA3500964C01 /* favorite_on_blue.png in Resources */ = {isa = PBXBuildFile; fileRef = 461409E61004DA3500964C01 /* favorite_on_blue.png */; };
		46D2A89F0FFF59FA00E15600 /* NSManagedObjectExtension.m in Sources */ = {isa = PBXBuildFile; fileRef = 46D2A89E0FFF59FA00E15600 /* NSManagedObjectExtension.m */; };
		46EE143D0FFE53D1000224D0 /* Document.m in Sources */ = {isa = PBXBuildFile; fileRef = 46EE14380FFE53D1000224D0 /* Document.m */; };
		46EE143E0FFE53D1000224D0 /* NSManagedObjectContextExtension.m in Sources */ = {isa = PBXBuildFile; fileRef = 46EE143A0FFE53D1000224D0 /* NSManagedObjectContextExtension.m */; };
		46EE143F0FFE53D1000224D0 /* PredicateCondition.m in Sources */ = {isa = PBXBuildFile; fileRef = 46EE143C0FFE53D1000224D0 /* PredicateCondition.m */; };
		46EE14500FFE53FA000224D0 /* Localizable.strings in Resources */ = {isa = PBXBuildFile; fileRef = 46EE144E0FFE53FA000224D0 /* Localizable.strings */; };
		46EE15270FFE6899000224D0 /* SessionDetailTableViewController.m in Sources */ = {isa = PBXBuildFile; fileRef = 46EE15260FFE6899000224D0 /* SessionDetailTableViewController.m */; };
		46EE18260FFF1454000224D0 /* SessionTableViewCell.m in Sources */ = {isa = PBXBuildFile; fileRef = 46EE18250FFF1454000224D0 /* SessionTableViewCell.m */; };
/* End PBXBuildFile section */

/* Begin PBXFileReference section */
		1D30AB110D05D00D00671497 /* Foundation.framework */ = {isa = PBXFileReference; lastKnownFileType = wrapper.framework; name = Foundation.framework; path = System/Library/Frameworks/Foundation.framework; sourceTree = SDKROOT; };
		1D3623240D0F684500981E51 /* iRubyKaigi2009AppDelegate.h */ = {isa = PBXFileReference; fileEncoding = 4; lastKnownFileType = sourcecode.c.h; path = iRubyKaigi2009AppDelegate.h; sourceTree = "<group>"; };
		1D3623250D0F684500981E51 /* iRubyKaigi2009AppDelegate.m */ = {isa = PBXFileReference; fileEncoding = 4; lastKnownFileType = sourcecode.c.objc; path = iRubyKaigi2009AppDelegate.m; sourceTree = "<group>"; };
		1D6058910D05DD3D006BFB54 /* iRubyKaigi2009.app */ = {isa = PBXFileReference; explicitFileType = wrapper.application; includeInIndex = 0; path = iRubyKaigi2009.app; sourceTree = BUILT_PRODUCTS_DIR; };
		1DF5F4DF0D08C38300B7A737 /* UIKit.framework */ = {isa = PBXFileReference; lastKnownFileType = wrapper.framework; name = UIKit.framework; path = System/Library/Frameworks/UIKit.framework; sourceTree = SDKROOT; };
		28860B760F44E54D00985440 /* iRubyKaigi2009.xcdatamodel */ = {isa = PBXFileReference; fileEncoding = 4; lastKnownFileType = wrapper.xcdatamodel; path = iRubyKaigi2009.xcdatamodel; sourceTree = "<group>"; };
		28860BE40F44EE6400985440 /* CoreData.framework */ = {isa = PBXFileReference; lastKnownFileType = wrapper.framework; name = CoreData.framework; path = System/Library/Frameworks/CoreData.framework; sourceTree = SDKROOT; };
		2892E40F0DC94CBA00A64D0F /* CoreGraphics.framework */ = {isa = PBXFileReference; lastKnownFileType = wrapper.framework; name = CoreGraphics.framework; path = System/Library/Frameworks/CoreGraphics.framework; sourceTree = SDKROOT; };
		28A0AAE50D9B0CCF005BE974 /* iRubyKaigi2009_Prefix.pch */ = {isa = PBXFileReference; fileEncoding = 4; lastKnownFileType = sourcecode.c.h; path = iRubyKaigi2009_Prefix.pch; sourceTree = "<group>"; };
		28AD735F0D9D9599002E5188 /* MainWindow.xib */ = {isa = PBXFileReference; lastKnownFileType = file.xib; path = MainWindow.xib; sourceTree = "<group>"; };
		29B97316FDCFA39411CA2CEA /* main.m */ = {isa = PBXFileReference; fileEncoding = 4; lastKnownFileType = sourcecode.c.objc; path = main.m; sourceTree = "<group>"; };
		460A79EA0FFDA94400DD0775 /* SessionTableViewController.h */ = {isa = PBXFileReference; fileEncoding = 4; lastKnownFileType = sourcecode.c.h; path = SessionTableViewController.h; sourceTree = "<group>"; };
		460A79EB0FFDA94400DD0775 /* SessionTableViewController.m */ = {isa = PBXFileReference; fileEncoding = 4; lastKnownFileType = sourcecode.c.objc; path = SessionTableViewController.m; sourceTree = "<group>"; };
		460A79F20FFDA98600DD0775 /* English */ = {isa = PBXFileReference; fileEncoding = 4; lastKnownFileType = text; name = English; path = English.lproj/session_info.csv; sourceTree = "<group>"; };
		460A79F40FFDA99100DD0775 /* Japanese */ = {isa = PBXFileReference; lastKnownFileType = text; name = Japanese; path = Japanese.lproj/session_info.csv; sourceTree = "<group>"; };
		461405041003996C00964C01 /* get_lightning_talks.rb */ = {isa = PBXFileReference; fileEncoding = 4; lastKnownFileType = text.script.ruby; path = get_lightning_talks.rb; sourceTree = "<group>"; };
		461405071003AE9D00964C01 /* Japanese */ = {isa = PBXFileReference; fileEncoding = 4; lastKnownFileType = text; name = Japanese; path = Japanese.lproj/lightning_talks_info.csv; sourceTree = "<group>"; };
		461405141003AF2C00964C01 /* English */ = {isa = PBXFileReference; lastKnownFileType = text; name = English; path = English.lproj/lightning_talks_info.csv; sourceTree = "<group>"; };
		461407CC1004B83800964C01 /* LightningTalksTableViewController.h */ = {isa = PBXFileReference; fileEncoding = 4; lastKnownFileType = sourcecode.c.h; path = LightningTalksTableViewController.h; sourceTree = "<group>"; };
		461407CD1004B83800964C01 /* LightningTalksTableViewController.m */ = {isa = PBXFileReference; fileEncoding = 4; lastKnownFileType = sourcecode.c.objc; path = LightningTalksTableViewController.m; sourceTree = "<group>"; };
		461407F61004B9CB00964C01 /* LightningTalk.h */ = {isa = PBXFileReference; fileEncoding = 4; lastKnownFileType = sourcecode.c.h; path = LightningTalk.h; sourceTree = "<group>"; };
		461407F71004B9CB00964C01 /* LightningTalk.m */ = {isa = PBXFileReference; fileEncoding = 4; lastKnownFileType = sourcecode.c.objc; path = LightningTalk.m; sourceTree = "<group>"; };
		461408361004BC4D00964C01 /* LightningTalksDetailTableViewController.h */ = {isa = PBXFileReference; fileEncoding = 4; lastKnownFileType = sourcecode.c.h; path = LightningTalksDetailTableViewController.h; sourceTree = "<group>"; };
		461408371004BC4D00964C01 /* LightningTalksDetailTableViewController.m */ = {isa = PBXFileReference; fileEncoding = 4; lastKnownFileType = sourcecode.c.objc; path = LightningTalksDetailTableViewController.m; sourceTree = "<group>"; };
		461409121004CB4900964C01 /* favorite_off.png */ = {isa = PBXFileReference; lastKnownFileType = image.png; path = favorite_off.png; sourceTree = "<group>"; };
		461409131004CB4900964C01 /* favorite_on_green.png */ = {isa = PBXFileReference; lastKnownFileType = image.png; path = favorite_on_green.png; sourceTree = "<group>"; };
		461409DB1004D97300964C01 /* favorite_on_red.png */ = {isa = PBXFileReference; lastKnownFileType = image.png; path = favorite_on_red.png; sourceTree = "<group>"; };
		461409E61004DA3500964C01 /* favorite_on_blue.png */ = {isa = PBXFileReference; lastKnownFileType = image.png; path = favorite_on_blue.png; sourceTree = "<group>"; };
		463AC8461001CEFF00AF2B05 /* IUTLog.h */ = {isa = PBXFileReference; fileEncoding = 4; lastKnownFileType = sourcecode.c.h; name = IUTLog.h; path = ../Test/Classes/UnitTest/IUTLog.h; sourceTree = SOURCE_ROOT; };
		4658DA8D1000EC1C00CBBFEE /* get_timetable.rb */ = {isa = PBXFileReference; fileEncoding = 4; lastKnownFileType = text.script.ruby; path = get_timetable.rb; sourceTree = "<group>"; };
		46D2A89D0FFF59FA00E15600 /* NSManagedObjectExtension.h */ = {isa = PBXFileReference; fileEncoding = 4; lastKnownFileType = sourcecode.c.h; path = NSManagedObjectExtension.h; sourceTree = "<group>"; };
		46D2A89E0FFF59FA00E15600 /* NSManagedObjectExtension.m */ = {isa = PBXFileReference; fileEncoding = 4; lastKnownFileType = sourcecode.c.objc; path = NSManagedObjectExtension.m; sourceTree = "<group>"; };
		46EE14370FFE53D1000224D0 /* Document.h */ = {isa = PBXFileReference; fileEncoding = 4; lastKnownFileType = sourcecode.c.h; path = Document.h; sourceTree = "<group>"; };
		46EE14380FFE53D1000224D0 /* Document.m */ = {isa = PBXFileReference; fileEncoding = 4; lastKnownFileType = sourcecode.c.objc; path = Document.m; sourceTree = "<group>"; };
		46EE14390FFE53D1000224D0 /* NSManagedObjectContextExtension.h */ = {isa = PBXFileReference; fileEncoding = 4; lastKnownFileType = sourcecode.c.h; path = NSManagedObjectContextExtension.h; sourceTree = "<group>"; };
		46EE143A0FFE53D1000224D0 /* NSManagedObjectContextExtension.m */ = {isa = PBXFileReference; fileEncoding = 4; lastKnownFileType = sourcecode.c.objc; path = NSManagedObjectContextExtension.m; sourceTree = "<group>"; };
		46EE143B0FFE53D1000224D0 /* PredicateCondition.h */ = {isa = PBXFileReference; fileEncoding = 4; lastKnownFileType = sourcecode.c.h; path = PredicateCondition.h; sourceTree = "<group>"; };
		46EE143C0FFE53D1000224D0 /* PredicateCondition.m */ = {isa = PBXFileReference; fileEncoding = 4; lastKnownFileType = sourcecode.c.objc; path = PredicateCondition.m; sourceTree = "<group>"; };
		46EE144F0FFE53FA000224D0 /* English */ = {isa = PBXFileReference; fileEncoding = 10; lastKnownFileType = text.plist.strings; name = English; path = English.lproj/Localizable.strings; sourceTree = "<group>"; };
		46EE14510FFE5406000224D0 /* Japanese */ = {isa = PBXFileReference; lastKnownFileType = text.plist.strings; name = Japanese; path = Japanese.lproj/Localizable.strings; sourceTree = "<group>"; };
		46EE15250FFE6899000224D0 /* SessionDetailTableViewController.h */ = {isa = PBXFileReference; fileEncoding = 4; lastKnownFileType = sourcecode.c.h; path = SessionDetailTableViewController.h; sourceTree = "<group>"; };
		46EE15260FFE6899000224D0 /* SessionDetailTableViewController.m */ = {isa = PBXFileReference; fileEncoding = 4; lastKnownFileType = sourcecode.c.objc; path = SessionDetailTableViewController.m; sourceTree = "<group>"; };
		46EE18240FFF1454000224D0 /* SessionTableViewCell.h */ = {isa = PBXFileReference; fileEncoding = 4; lastKnownFileType = sourcecode.c.h; path = SessionTableViewCell.h; sourceTree = "<group>"; };
		46EE18250FFF1454000224D0 /* SessionTableViewCell.m */ = {isa = PBXFileReference; fileEncoding = 4; lastKnownFileType = sourcecode.c.objc; path = SessionTableViewCell.m; sourceTree = "<group>"; };
		8D1107310486CEB800E47090 /* iRubyKaigi2009-Info.plist */ = {isa = PBXFileReference; fileEncoding = 4; lastKnownFileType = text.plist.xml; path = "iRubyKaigi2009-Info.plist"; plistStructureDefinitionIdentifier = "com.apple.xcode.plist.structure-definition.iphone.info-plist"; sourceTree = "<group>"; };
/* End PBXFileReference section */

/* Begin PBXFrameworksBuildPhase section */
		1D60588F0D05DD3D006BFB54 /* Frameworks */ = {
			isa = PBXFrameworksBuildPhase;
			buildActionMask = 2147483647;
			files = (
				1D60589F0D05DD5A006BFB54 /* Foundation.framework in Frameworks */,
				1DF5F4E00D08C38300B7A737 /* UIKit.framework in Frameworks */,
				2892E4100DC94CBA00A64D0F /* CoreGraphics.framework in Frameworks */,
				28860BE50F44EE6400985440 /* CoreData.framework in Frameworks */,
			);
			runOnlyForDeploymentPostprocessing = 0;
		};
/* End PBXFrameworksBuildPhase section */

/* Begin PBXGroup section */
		080E96DDFE201D6D7F000001 /* Classes */ = {
			isa = PBXGroup;
			children = (
				460A79E90FFDA94400DD0775 /* Controllers */,
				46EE14360FFE53D1000224D0 /* Models */,
				1D3623240D0F684500981E51 /* iRubyKaigi2009AppDelegate.h */,
				1D3623250D0F684500981E51 /* iRubyKaigi2009AppDelegate.m */,
				463AC8461001CEFF00AF2B05 /* IUTLog.h */,
			);
			path = Classes;
			sourceTree = "<group>";
		};
		19C28FACFE9D520D11CA2CBB /* Products */ = {
			isa = PBXGroup;
			children = (
				1D6058910D05DD3D006BFB54 /* iRubyKaigi2009.app */,
			);
			name = Products;
			sourceTree = "<group>";
		};
		29B97314FDCFA39411CA2CEA /* CustomTemplate */ = {
			isa = PBXGroup;
			children = (
				080E96DDFE201D6D7F000001 /* Classes */,
				29B97315FDCFA39411CA2CEA /* Other Sources */,
				29B97317FDCFA39411CA2CEA /* Resources */,
				29B97323FDCFA39411CA2CEA /* Frameworks */,
				19C28FACFE9D520D11CA2CBB /* Products */,
			);
			name = CustomTemplate;
			sourceTree = "<group>";
		};
		29B97315FDCFA39411CA2CEA /* Other Sources */ = {
			isa = PBXGroup;
			children = (
				28A0AAE50D9B0CCF005BE974 /* iRubyKaigi2009_Prefix.pch */,
				29B97316FDCFA39411CA2CEA /* main.m */,
			);
			name = "Other Sources";
			sourceTree = "<group>";
		};
		29B97317FDCFA39411CA2CEA /* Resources */ = {
			isa = PBXGroup;
			children = (
				461409E61004DA3500964C01 /* favorite_on_blue.png */,
				461409DB1004D97300964C01 /* favorite_on_red.png */,
				461409121004CB4900964C01 /* favorite_off.png */,
				461409131004CB4900964C01 /* favorite_on_green.png */,
				461405061003AE9D00964C01 /* lightning_talks_info.csv */,
				4658DA8C1000EC1C00CBBFEE /* script */,
				46EE144E0FFE53FA000224D0 /* Localizable.strings */,
				460A79F10FFDA98600DD0775 /* session_info.csv */,
				28860B760F44E54D00985440 /* iRubyKaigi2009.xcdatamodel */,
				28AD735F0D9D9599002E5188 /* MainWindow.xib */,
				8D1107310486CEB800E47090 /* iRubyKaigi2009-Info.plist */,
			);
			name = Resources;
			sourceTree = "<group>";
		};
		29B97323FDCFA39411CA2CEA /* Frameworks */ = {
			isa = PBXGroup;
			children = (
				1DF5F4DF0D08C38300B7A737 /* UIKit.framework */,
				1D30AB110D05D00D00671497 /* Foundation.framework */,
				2892E40F0DC94CBA00A64D0F /* CoreGraphics.framework */,
				28860BE40F44EE6400985440 /* CoreData.framework */,
			);
			name = Frameworks;
			sourceTree = "<group>";
		};
		460A79E90FFDA94400DD0775 /* Controllers */ = {
			isa = PBXGroup;
			children = (
				460A79EA0FFDA94400DD0775 /* SessionTableViewController.h */,
				460A79EB0FFDA94400DD0775 /* SessionTableViewController.m */,
				46EE15250FFE6899000224D0 /* SessionDetailTableViewController.h */,
				46EE15260FFE6899000224D0 /* SessionDetailTableViewController.m */,
				46EE18240FFF1454000224D0 /* SessionTableViewCell.h */,
				46EE18250FFF1454000224D0 /* SessionTableViewCell.m */,
				461407CC1004B83800964C01 /* LightningTalksTableViewController.h */,
				461407CD1004B83800964C01 /* LightningTalksTableViewController.m */,
				461408361004BC4D00964C01 /* LightningTalksDetailTableViewController.h */,
				461408371004BC4D00964C01 /* LightningTalksDetailTableViewController.m */,
			);
			path = Controllers;
			sourceTree = "<group>";
		};
		461407F51004B9CB00964C01 /* EO */ = {
			isa = PBXGroup;
			children = (
				461407F61004B9CB00964C01 /* LightningTalk.h */,
				461407F71004B9CB00964C01 /* LightningTalk.m */,
			);
			path = EO;
			sourceTree = "<group>";
		};
		4658DA8C1000EC1C00CBBFEE /* script */ = {
			isa = PBXGroup;
			children = (
				4658DA8D1000EC1C00CBBFEE /* get_timetable.rb */,
				461405041003996C00964C01 /* get_lightning_talks.rb */,
			);
			path = script;
			sourceTree = "<group>";
		};
		46EE14360FFE53D1000224D0 /* Models */ = {
			isa = PBXGroup;
			children = (
				461407F51004B9CB00964C01 /* EO */,
				46EE14370FFE53D1000224D0 /* Document.h */,
				46EE14380FFE53D1000224D0 /* Document.m */,
				46EE14390FFE53D1000224D0 /* NSManagedObjectContextExtension.h */,
				46EE143A0FFE53D1000224D0 /* NSManagedObjectContextExtension.m */,
				46D2A89D0FFF59FA00E15600 /* NSManagedObjectExtension.h */,
				46D2A89E0FFF59FA00E15600 /* NSManagedObjectExtension.m */,
				46EE143B0FFE53D1000224D0 /* PredicateCondition.h */,
				46EE143C0FFE53D1000224D0 /* PredicateCondition.m */,
			);
			path = Models;
			sourceTree = "<group>";
		};
/* End PBXGroup section */

/* Begin PBXNativeTarget section */
		1D6058900D05DD3D006BFB54 /* iRubyKaigi2009 */ = {
			isa = PBXNativeTarget;
			buildConfigurationList = 1D6058960D05DD3E006BFB54 /* Build configuration list for PBXNativeTarget "iRubyKaigi2009" */;
			buildPhases = (
				1D60588D0D05DD3D006BFB54 /* Resources */,
				1D60588E0D05DD3D006BFB54 /* Sources */,
				1D60588F0D05DD3D006BFB54 /* Frameworks */,
			);
			buildRules = (
			);
			dependencies = (
			);
			name = iRubyKaigi2009;
			productName = iRubyKaigi2009;
			productReference = 1D6058910D05DD3D006BFB54 /* iRubyKaigi2009.app */;
			productType = "com.apple.product-type.application";
		};
/* End PBXNativeTarget section */

/* Begin PBXProject section */
		29B97313FDCFA39411CA2CEA /* Project object */ = {
			isa = PBXProject;
			buildConfigurationList = C01FCF4E08A954540054247B /* Build configuration list for PBXProject "iRubyKaigi2009" */;
			compatibilityVersion = "Xcode 3.1";
			hasScannedForEncodings = 1;
			knownRegions = (
				English,
				Japanese,
				French,
				German,
				en,
			);
			mainGroup = 29B97314FDCFA39411CA2CEA /* CustomTemplate */;
			projectDirPath = "";
			projectRoot = "";
			targets = (
				1D6058900D05DD3D006BFB54 /* iRubyKaigi2009 */,
			);
		};
/* End PBXProject section */

/* Begin PBXResourcesBuildPhase section */
		1D60588D0D05DD3D006BFB54 /* Resources */ = {
			isa = PBXResourcesBuildPhase;
			buildActionMask = 2147483647;
			files = (
				28AD73600D9D9599002E5188 /* MainWindow.xib in Resources */,
				460A79F30FFDA98600DD0775 /* session_info.csv in Resources */,
				46EE14500FFE53FA000224D0 /* Localizable.strings in Resources */,
				461405081003AE9D00964C01 /* lightning_talks_info.csv in Resources */,
				461409141004CB4900964C01 /* favorite_off.png in Resources */,
				461409E71004DA3500964C01 /* favorite_on_blue.png in Resources */,
			);
			runOnlyForDeploymentPostprocessing = 0;
		};
/* End PBXResourcesBuildPhase section */

/* Begin PBXSourcesBuildPhase section */
		1D60588E0D05DD3D006BFB54 /* Sources */ = {
			isa = PBXSourcesBuildPhase;
			buildActionMask = 2147483647;
			files = (
				1D60589B0D05DD56006BFB54 /* main.m in Sources */,
				1D3623260D0F684500981E51 /* iRubyKaigi2009AppDelegate.m in Sources */,
				28860B770F44E54D00985440 /* iRubyKaigi2009.xcdatamodel in Sources */,
				460A79EE0FFDA94400DD0775 /* SessionTableViewController.m in Sources */,
				46EE143D0FFE53D1000224D0 /* Document.m in Sources */,
				46EE143E0FFE53D1000224D0 /* NSManagedObjectContextExtension.m in Sources */,
				46EE143F0FFE53D1000224D0 /* PredicateCondition.m in Sources */,
				46EE15270FFE6899000224D0 /* SessionDetailTableViewController.m in Sources */,
				46EE18260FFF1454000224D0 /* SessionTableViewCell.m in Sources */,
				46D2A89F0FFF59FA00E15600 /* NSManagedObjectExtension.m in Sources */,
				461407CE1004B83800964C01 /* LightningTalksTableViewController.m in Sources */,
				461407F81004B9CB00964C01 /* LightningTalk.m in Sources */,
				461408381004BC4D00964C01 /* LightningTalksDetailTableViewController.m in Sources */,
			);
			runOnlyForDeploymentPostprocessing = 0;
		};
/* End PBXSourcesBuildPhase section */

/* Begin PBXVariantGroup section */
		460A79F10FFDA98600DD0775 /* session_info.csv */ = {
			isa = PBXVariantGroup;
			children = (
				460A79F20FFDA98600DD0775 /* English */,
				460A79F40FFDA99100DD0775 /* Japanese */,
			);
			name = session_info.csv;
			sourceTree = "<group>";
		};
		461405061003AE9D00964C01 /* lightning_talks_info.csv */ = {
			isa = PBXVariantGroup;
			children = (
				461405141003AF2C00964C01 /* English */,
				461405071003AE9D00964C01 /* Japanese */,
			);
			name = lightning_talks_info.csv;
			sourceTree = "<group>";
		};
		46EE144E0FFE53FA000224D0 /* Localizable.strings */ = {
			isa = PBXVariantGroup;
			children = (
				46EE144F0FFE53FA000224D0 /* English */,
				46EE14510FFE5406000224D0 /* Japanese */,
			);
			name = Localizable.strings;
			sourceTree = "<group>";
		};
/* End PBXVariantGroup section */

/* Begin XCBuildConfiguration section */
		1D6058940D05DD3E006BFB54 /* Debug */ = {
			isa = XCBuildConfiguration;
			buildSettings = {
				ALWAYS_SEARCH_USER_PATHS = NO;
				"CODE_SIGN_IDENTITY[sdk=iphoneos*]" = "iPhone Developer: Katsuyoshi Ito";
				COPY_PHASE_STRIP = NO;
				GCC_DYNAMIC_NO_PIC = NO;
				GCC_OPTIMIZATION_LEVEL = 0;
				GCC_PRECOMPILE_PREFIX_HEADER = YES;
				GCC_PREFIX_HEADER = iRubyKaigi2009_Prefix.pch;
				INFOPLIST_FILE = "iRubyKaigi2009-Info.plist";
				PRODUCT_NAME = iRubyKaigi2009;
				"PROVISIONING_PROFILE[sdk=iphoneos*]" = "015FD9E7-03D2-482E-8BF0-526AFEFF0A8C";
			};
			name = Debug;
		};
		1D6058950D05DD3E006BFB54 /* Release */ = {
			isa = XCBuildConfiguration;
			buildSettings = {
				ALWAYS_SEARCH_USER_PATHS = NO;
				COPY_PHASE_STRIP = YES;
				GCC_PRECOMPILE_PREFIX_HEADER = YES;
				GCC_PREFIX_HEADER = iRubyKaigi2009_Prefix.pch;
				INFOPLIST_FILE = "iRubyKaigi2009-Info.plist";
				PRODUCT_NAME = iRubyKaigi2009;
			};
			name = Release;
		};
		C01FCF4F08A954540054247B /* Debug */ = {
			isa = XCBuildConfiguration;
			buildSettings = {
				ARCHS = "$(ARCHS_STANDARD_32_BIT)";
				"CODE_SIGN_IDENTITY[sdk=iphoneos*]" = "iPhone Developer";
				GCC_C_LANGUAGE_STANDARD = c99;
				GCC_WARN_ABOUT_RETURN_TYPE = YES;
				GCC_WARN_UNUSED_VARIABLE = YES;
				PREBINDING = NO;
				SDKROOT = iphoneos3.0;
			};
			name = Debug;
		};
		C01FCF5008A954540054247B /* Release */ = {
			isa = XCBuildConfiguration;
			buildSettings = {
				ARCHS = "$(ARCHS_STANDARD_32_BIT)";
				"CODE_SIGN_IDENTITY[sdk=iphoneos*]" = "iPhone Developer";
				GCC_C_LANGUAGE_STANDARD = c99;
				GCC_WARN_ABOUT_RETURN_TYPE = YES;
				GCC_WARN_UNUSED_VARIABLE = YES;
				PREBINDING = NO;
				SDKROOT = iphoneos3.0;
			};
			name = Release;
		};
/* End XCBuildConfiguration section */

/* Begin XCConfigurationList section */
		1D6058960D05DD3E006BFB54 /* Build configuration list for PBXNativeTarget "iRubyKaigi2009" */ = {
			isa = XCConfigurationList;
			buildConfigurations = (
				1D6058940D05DD3E006BFB54 /* Debug */,
				1D6058950D05DD3E006BFB54 /* Release */,
			);
			defaultConfigurationIsVisible = 0;
			defaultConfigurationName = Release;
		};
		C01FCF4E08A954540054247B /* Build configuration list for PBXProject "iRubyKaigi2009" */ = {
			isa = XCConfigurationList;
			buildConfigurations = (
				C01FCF4F08A954540054247B /* Debug */,
				C01FCF5008A954540054247B /* Release */,
			);
			defaultConfigurationIsVisible = 0;
			defaultConfigurationName = Release;
		};
/* End XCConfigurationList section */
	};
	rootObject = 29B97313FDCFA39411CA2CEA /* Project object */;
}
